// !$*UTF8*$!
{
	archiveVersion = 1;
	classes = {
	};
	objectVersion = 51;
	objects = {

/* Begin PBXBuildFile section */
		0601978E280D8065004532D5 /* Spinner.swift in Sources */ = {isa = PBXBuildFile; fileRef = 0601978D280D8064004532D5 /* Spinner.swift */; };
		060197902819B3CE004532D5 /* AssignViewController.swift in Sources */ = {isa = PBXBuildFile; fileRef = 0601978F2819B3CE004532D5 /* AssignViewController.swift */; };
		06090DD927C7AFC200B85393 /* NewOfferViewController.swift in Sources */ = {isa = PBXBuildFile; fileRef = 06090DD827C7AFC200B85393 /* NewOfferViewController.swift */; };
		06137FCA27CB388700377F1B /* BuggyOrderViewController.swift in Sources */ = {isa = PBXBuildFile; fileRef = 06137FC927CB388700377F1B /* BuggyOrderViewController.swift */; };
		061630F42802B9E8007C501F /* LogInDB.swift in Sources */ = {isa = PBXBuildFile; fileRef = 061630F32802B9E8007C501F /* LogInDB.swift */; };
		061C4E0D2734A8BA00A6D5DA /* Info.storyboard in Resources */ = {isa = PBXBuildFile; fileRef = 061C4E0C2734A8BA00A6D5DA /* Info.storyboard */; };
		061C4E0F2734AB8C00A6D5DA /* OrderSummary.storyboard in Resources */ = {isa = PBXBuildFile; fileRef = 061C4E0E2734AB8C00A6D5DA /* OrderSummary.storyboard */; };
		061C4E142734ACAC00A6D5DA /* Room.storyboard in Resources */ = {isa = PBXBuildFile; fileRef = 061C4E132734ACAC00A6D5DA /* Room.storyboard */; };
		061C4E162734AED700A6D5DA /* Home.storyboard in Resources */ = {isa = PBXBuildFile; fileRef = 061C4E152734AED700A6D5DA /* Home.storyboard */; };
		061C4E1F2735E8D500A6D5DA /* Localizable.strings in Resources */ = {isa = PBXBuildFile; fileRef = 061C4E1D2735E8D500A6D5DA /* Localizable.strings */; };
		061C4E222735E8E700A6D5DA /* InfoPlist.strings in Resources */ = {isa = PBXBuildFile; fileRef = 061C4E202735E8E700A6D5DA /* InfoPlist.strings */; };
		061C4E6E2736010200A6D5DA /* LaunchScreen.storyboard in Resources */ = {isa = PBXBuildFile; fileRef = 061C4E702736010200A6D5DA /* LaunchScreen.storyboard */; };
		061DC82726526E0E00C4C794 /* RestaurantDestinationDiningCell.swift in Sources */ = {isa = PBXBuildFile; fileRef = 061DC82626526E0E00C4C794 /* RestaurantDestinationDiningCell.swift */; };
		061DC82B2654244700C4C794 /* RestaurantSectionHeaderView.xib in Resources */ = {isa = PBXBuildFile; fileRef = 061DC82A2654244700C4C794 /* RestaurantSectionHeaderView.xib */; };
		061DC8322654334D00C4C794 /* DestinationDiningPrivateEvents.jpg in Resources */ = {isa = PBXBuildFile; fileRef = 061DC82C2654334C00C4C794 /* DestinationDiningPrivateEvents.jpg */; };
		061DC8332654334D00C4C794 /* DestinationDiningSandbankPicnic.jpg in Resources */ = {isa = PBXBuildFile; fileRef = 061DC82D2654334C00C4C794 /* DestinationDiningSandbankPicnic.jpg */; };
		061DC8342654334D00C4C794 /* DestinationDiningChampagneBreakfast.jpg in Resources */ = {isa = PBXBuildFile; fileRef = 061DC82E2654334C00C4C794 /* DestinationDiningChampagneBreakfast.jpg */; };
		061DC8352654334D00C4C794 /* DestinationDiningCuratedExperiences.jpg in Resources */ = {isa = PBXBuildFile; fileRef = 061DC82F2654334C00C4C794 /* DestinationDiningCuratedExperiences.jpg */; };
		061DC8362654334D00C4C794 /* DestinationDiningBubblesUnderTheStars.jpg in Resources */ = {isa = PBXBuildFile; fileRef = 061DC8302654334D00C4C794 /* DestinationDiningBubblesUnderTheStars.jpg */; };
		061DC8372654334D00C4C794 /* DestinationDiningLagoonLunch.jpg in Resources */ = {isa = PBXBuildFile; fileRef = 061DC8312654334D00C4C794 /* DestinationDiningLagoonLunch.jpg */; };
		061DC839265469E700C4C794 /* WatersportsViewController.swift in Sources */ = {isa = PBXBuildFile; fileRef = 061DC838265469E700C4C794 /* WatersportsViewController.swift */; };
		061DC83B26546E2800C4C794 /* Extreme-Watersports-Sheraton-AP2021.pdf in Resources */ = {isa = PBXBuildFile; fileRef = 061DC83A26546E2800C4C794 /* Extreme-Watersports-Sheraton-AP2021.pdf */; };
		061DC83D26547BC300C4C794 /* HotelInit.swift in Sources */ = {isa = PBXBuildFile; fileRef = 061DC83C26547BC300C4C794 /* HotelInit.swift */; };
		061DC83F26554AD900C4C794 /* SplashViewController.swift in Sources */ = {isa = PBXBuildFile; fileRef = 061DC83E26554AD900C4C794 /* SplashViewController.swift */; };
		061DC8432656C57D00C4C794 /* DestinationDiningViewController.swift in Sources */ = {isa = PBXBuildFile; fileRef = 061DC8422656C57D00C4C794 /* DestinationDiningViewController.swift */; };
		061DE02E2731AEEF0021A37C /* RoomItemsViewController.swift in Sources */ = {isa = PBXBuildFile; fileRef = 061DE02D2731AEEF0021A37C /* RoomItemsViewController.swift */; };
		062038662641A37500B87708 /* MapViewController.swift in Sources */ = {isa = PBXBuildFile; fileRef = 062038652641A37500B87708 /* MapViewController.swift */; };
		062038702641E72900B87708 /* MenuViewController.swift in Sources */ = {isa = PBXBuildFile; fileRef = 0620386F2641E72900B87708 /* MenuViewController.swift */; };
		062038722641E81B00B87708 /* Menu.storyboard in Resources */ = {isa = PBXBuildFile; fileRef = 062038712641E81B00B87708 /* Menu.storyboard */; };
		062216402638B0B7002C0977 /* RoomItemCell.swift in Sources */ = {isa = PBXBuildFile; fileRef = 0622163F2638B0B7002C0977 /* RoomItemCell.swift */; };
		06293E2B2809523900226400 /* FirebaseDatabase.swift in Sources */ = {isa = PBXBuildFile; fileRef = 06293E2A2809523900226400 /* FirebaseDatabase.swift */; };
		06293E2D28096F0A00226400 /* FirebaseMessaging.swift in Sources */ = {isa = PBXBuildFile; fileRef = 06293E2C28096F0A00226400 /* FirebaseMessaging.swift */; };
		06293E2F28099BBB00226400 /* MessagingProxy.swift in Sources */ = {isa = PBXBuildFile; fileRef = 06293E2E28099BBB00226400 /* MessagingProxy.swift */; };
		06293E31280AA68600226400 /* PhoneUser.swift in Sources */ = {isa = PBXBuildFile; fileRef = 06293E30280AA68600226400 /* PhoneUser.swift */; };
		062D1A0926EE247500A14FDE /* ConfigViewController.swift in Sources */ = {isa = PBXBuildFile; fileRef = 062D1A0826EE247500A14FDE /* ConfigViewController.swift */; };
		0632D44526683C9C001F7036 /* GoogleService-Info.plist in Resources */ = {isa = PBXBuildFile; fileRef = 0632D44426683C9C001F7036 /* GoogleService-Info.plist */; };
		0632D4472668E3BD001F7036 /* FirebaseUtils.swift in Sources */ = {isa = PBXBuildFile; fileRef = 0632D4462668E3BD001F7036 /* FirebaseUtils.swift */; };
		0632D4492669A1A5001F7036 /* Guest.swift in Sources */ = {isa = PBXBuildFile; fileRef = 0632D4482669A1A5001F7036 /* Guest.swift */; };
		0632D44B266AC3A3001F7036 /* OrdersViewController.swift in Sources */ = {isa = PBXBuildFile; fileRef = 0632D44A266AC3A3001F7036 /* OrdersViewController.swift */; };
		0632D450266ACB22001F7036 /* Orders.storyboard in Resources */ = {isa = PBXBuildFile; fileRef = 0632D44F266ACB22001F7036 /* Orders.storyboard */; };
		0632D452266ADF66001F7036 /* OrderDetailsCell.swift in Sources */ = {isa = PBXBuildFile; fileRef = 0632D451266ADF66001F7036 /* OrderDetailsCell.swift */; };
		0638E79D2709053700EACFC1 /* WaterSports.storyboard in Resources */ = {isa = PBXBuildFile; fileRef = 0638E79C2709053700EACFC1 /* WaterSports.storyboard */; };
		064352A326385A3900A54BFC /* extensions.swift in Sources */ = {isa = PBXBuildFile; fileRef = 064352A226385A3900A54BFC /* extensions.swift */; };
		064352A526385F8400A54BFC /* Restaurant.swift in Sources */ = {isa = PBXBuildFile; fileRef = 064352A426385F8400A54BFC /* Restaurant.swift */; };
		064C205227EF604C00DA7A4A /* ScannerViewController.swift in Sources */ = {isa = PBXBuildFile; fileRef = 064C205127EF604C00DA7A4A /* ScannerViewController.swift */; };
		065F032A2635D47F00A5CDEF /* AppDelegate.swift in Sources */ = {isa = PBXBuildFile; fileRef = 065F03292635D47F00A5CDEF /* AppDelegate.swift */; };
		065F032C2635D47F00A5CDEF /* SceneDelegate.swift in Sources */ = {isa = PBXBuildFile; fileRef = 065F032B2635D47F00A5CDEF /* SceneDelegate.swift */; };
		065F03362635D48000A5CDEF /* Assets.xcassets in Resources */ = {isa = PBXBuildFile; fileRef = 065F03352635D48000A5CDEF /* Assets.xcassets */; };
		065F035C2635FD0B00A5CDEF /* Map.storyboard in Resources */ = {isa = PBXBuildFile; fileRef = 065F035B2635FD0B00A5CDEF /* Map.storyboard */; };
		065F0367263621F200A5CDEF /* Menu.swift in Sources */ = {isa = PBXBuildFile; fileRef = 065F0366263621F200A5CDEF /* Menu.swift */; };
		065F036A2636221100A5CDEF /* Hotel.swift in Sources */ = {isa = PBXBuildFile; fileRef = 065F03692636221100A5CDEF /* Hotel.swift */; };
		065F036E26362E5500A5CDEF /* HotelTestData.swift in Sources */ = {isa = PBXBuildFile; fileRef = 065F036D26362E5500A5CDEF /* HotelTestData.swift */; };
		06606DF3270760330023412C /* ServiceOrderViewController.swift in Sources */ = {isa = PBXBuildFile; fileRef = 06606DF2270760330023412C /* ServiceOrderViewController.swift */; };
		066874FA2830367600DB5604 /* UsersViewController.swift in Sources */ = {isa = PBXBuildFile; fileRef = 066874F92830367600DB5604 /* UsersViewController.swift */; };
		066874FC28307AE800DB5604 /* ChangePasswordViewController.swift in Sources */ = {isa = PBXBuildFile; fileRef = 066874FB28307AE800DB5604 /* ChangePasswordViewController.swift */; };
		066874FE2831260600DB5604 /* EditUserViewController.swift in Sources */ = {isa = PBXBuildFile; fileRef = 066874FD2831260600DB5604 /* EditUserViewController.swift */; };
		0668750028325EA400DB5604 /* FirebaseFunctions.swift in Sources */ = {isa = PBXBuildFile; fileRef = 066874FF28325EA400DB5604 /* FirebaseFunctions.swift */; };
		066875022832FC5200DB5604 /* Users.storyboard in Resources */ = {isa = PBXBuildFile; fileRef = 066875012832FC5200DB5604 /* Users.storyboard */; };
		066BF3F82637460300EE834C /* Order.swift in Sources */ = {isa = PBXBuildFile; fileRef = 066BF3F72637460300EE834C /* Order.swift */; };
		066BF4032637619B00EE834C /* RoomViewController.swift in Sources */ = {isa = PBXBuildFile; fileRef = 066BF4022637619B00EE834C /* RoomViewController.swift */; };
		0676E272264836A9002BFE80 /* MenuSectionHeaderView.xib in Resources */ = {isa = PBXBuildFile; fileRef = 0676E271264836A9002BFE80 /* MenuSectionHeaderView.xib */; };
		067A4D832807F4C70043F50D /* AuthProxy.swift in Sources */ = {isa = PBXBuildFile; fileRef = 067A4D822807F4C60043F50D /* AuthProxy.swift */; };
		067A4D852807F64B0043F50D /* FirebaseAuth.swift in Sources */ = {isa = PBXBuildFile; fileRef = 067A4D842807F64B0043F50D /* FirebaseAuth.swift */; };
		067A4D872807FBFE0043F50D /* StorageProxy.swift in Sources */ = {isa = PBXBuildFile; fileRef = 067A4D862807FBFE0043F50D /* StorageProxy.swift */; };
		0683A1E1264EDB540000D122 /* RoomItemsOrderViewController.swift in Sources */ = {isa = PBXBuildFile; fileRef = 0683A1E0264EDB540000D122 /* RoomItemsOrderViewController.swift */; };
		0683A1EE265154250000D122 /* MenuCell.swift in Sources */ = {isa = PBXBuildFile; fileRef = 0683A1ED265154250000D122 /* MenuCell.swift */; };
		0683A1F026516FF50000D122 /* MenuPageViewController.swift in Sources */ = {isa = PBXBuildFile; fileRef = 0683A1EF26516FF50000D122 /* MenuPageViewController.swift */; };
		0683A1F2265172070000D122 /* MenuMainViewController.swift in Sources */ = {isa = PBXBuildFile; fileRef = 0683A1F1265172070000D122 /* MenuMainViewController.swift */; };
		06882F5E2742B89C00D643A0 /* NewHotelConfigViewController.swift in Sources */ = {isa = PBXBuildFile; fileRef = 06882F5D2742B89C00D643A0 /* NewHotelConfigViewController.swift */; };
		06882F6027447DE800D643A0 /* NetworkStatus.swift in Sources */ = {isa = PBXBuildFile; fileRef = 06882F5F27447DE800D643A0 /* NetworkStatus.swift */; };
		06882F622745BF8700D643A0 /* FirebaseStorage.swift in Sources */ = {isa = PBXBuildFile; fileRef = 06882F612745BF8700D643A0 /* FirebaseStorage.swift */; };
		06882F65274911D100D643A0 /* OffersViewController.swift in Sources */ = {isa = PBXBuildFile; fileRef = 06882F64274911D100D643A0 /* OffersViewController.swift */; };
		06882F672749128100D643A0 /* OffersCell.swift in Sources */ = {isa = PBXBuildFile; fileRef = 06882F662749128100D643A0 /* OffersCell.swift */; };
		06882F692749644D00D643A0 /* Offer.swift in Sources */ = {isa = PBXBuildFile; fileRef = 06882F682749644D00D643A0 /* Offer.swift */; };
		06882F6B27499BBD00D643A0 /* Offers.storyboard in Resources */ = {isa = PBXBuildFile; fileRef = 06882F6A27499BBD00D643A0 /* Offers.storyboard */; };
		06882F6D274C5AF900D643A0 /* offers.json in Resources */ = {isa = PBXBuildFile; fileRef = 06882F6C274C5AF900D643A0 /* offers.json */; };
		06882F6F274D867300D643A0 /* OfferViewController.swift in Sources */ = {isa = PBXBuildFile; fileRef = 06882F6E274D867300D643A0 /* OfferViewController.swift */; };
		069945AA2729FC75009548AA /* Translations.swift in Sources */ = {isa = PBXBuildFile; fileRef = 069945A92729FC75009548AA /* Translations.swift */; };
		069AA4232714F456002EE497 /* HomeCollectionViewController.swift in Sources */ = {isa = PBXBuildFile; fileRef = 069AA4222714F456002EE497 /* HomeCollectionViewController.swift */; };
		069DB355263AED0E00C91468 /* Main.storyboard in Resources */ = {isa = PBXBuildFile; fileRef = 069DB354263AED0E00C91468 /* Main.storyboard */; };
		069DB35A263B0FB800C91468 /* ReviewViewController.swift in Sources */ = {isa = PBXBuildFile; fileRef = 069DB356263B0FB800C91468 /* ReviewViewController.swift */; };
		069DB35B263B0FB800C91468 /* RestaurantDetailViewController.swift in Sources */ = {isa = PBXBuildFile; fileRef = 069DB357263B0FB800C91468 /* RestaurantDetailViewController.swift */; };
		069DB35C263B0FB800C91468 /* RestaurantTableViewController.swift in Sources */ = {isa = PBXBuildFile; fileRef = 069DB358263B0FB800C91468 /* RestaurantTableViewController.swift */; };
		069DB35D263B0FB800C91468 /* NewRestaurantController.swift in Sources */ = {isa = PBXBuildFile; fileRef = 069DB359263B0FB800C91468 /* NewRestaurantController.swift */; };
		069DB367263B105C00C91468 /* RestaurantTableViewCell.swift in Sources */ = {isa = PBXBuildFile; fileRef = 069DB362263B105C00C91468 /* RestaurantTableViewCell.swift */; };
		069DB369263B12EB00C91468 /* RoundedTextField.swift in Sources */ = {isa = PBXBuildFile; fileRef = 069DB368263B12EB00C91468 /* RoundedTextField.swift */; };
		069DB36B263B14A300C91468 /* Restaurants.storyboard in Resources */ = {isa = PBXBuildFile; fileRef = 069DB36A263B14A300C91468 /* Restaurants.storyboard */; };
		069FD3C6268CB4350076C6FC /* News.storyboard in Resources */ = {isa = PBXBuildFile; fileRef = 069FD3C5268CB4350076C6FC /* News.storyboard */; };
		069FD3CC268CBB200076C6FC /* OrderSummaryViewController.swift in Sources */ = {isa = PBXBuildFile; fileRef = 069FD3CB268CBB200076C6FC /* OrderSummaryViewController.swift */; };
		069FD3D1269386390076C6FC /* Onboarding.storyboard in Resources */ = {isa = PBXBuildFile; fileRef = 069FD3D0269386390076C6FC /* Onboarding.storyboard */; };
		069FD3D326938A150076C6FC /* OnboardingPageViewController.swift in Sources */ = {isa = PBXBuildFile; fileRef = 069FD3D226938A150076C6FC /* OnboardingPageViewController.swift */; };
		069FD3D5269397440076C6FC /* OnboardingContentViewController.swift in Sources */ = {isa = PBXBuildFile; fileRef = 069FD3D4269397440076C6FC /* OnboardingContentViewController.swift */; };
		069FD3D7269650630076C6FC /* UIViewExtensions.swift in Sources */ = {isa = PBXBuildFile; fileRef = 069FD3D6269650630076C6FC /* UIViewExtensions.swift */; };
		069FDBA2269E17C3004F543F /* MessageKitChatViewController.swift in Sources */ = {isa = PBXBuildFile; fileRef = 069FDBA1269E17C3004F543F /* MessageKitChatViewController.swift */; };
		069FDBA4269E34CE004F543F /* Chat.storyboard in Resources */ = {isa = PBXBuildFile; fileRef = 069FDBA3269E34CE004F543F /* Chat.storyboard */; };
		069FDBA6269E384B004F543F /* ChatViewController.swift in Sources */ = {isa = PBXBuildFile; fileRef = 069FDBA5269E384B004F543F /* ChatViewController.swift */; };
		069FDBA826A09A55004F543F /* Chat.swift in Sources */ = {isa = PBXBuildFile; fileRef = 069FDBA726A09A55004F543F /* Chat.swift */; };
		069FDBAA26A39486004F543F /* ChatListViewController.swift in Sources */ = {isa = PBXBuildFile; fileRef = 069FDBA926A39486004F543F /* ChatListViewController.swift */; };
		069FDBAC26AEF0A6004F543F /* roomItems.json in Resources */ = {isa = PBXBuildFile; fileRef = 069FDBAB26AEF0A6004F543F /* roomItems.json */; };
		06A47DCE2839775F002D32B5 /* InfoViewController.swift in Sources */ = {isa = PBXBuildFile; fileRef = 06A47DCD2839775F002D32B5 /* InfoViewController.swift */; };
		06A8C7E1284BFD4B000406F9 /* RateReviewViewController.swift in Sources */ = {isa = PBXBuildFile; fileRef = 06A8C7E0284BFD4B000406F9 /* RateReviewViewController.swift */; };
		06A8C7E328528841000406F9 /* ReviewsManager.swift in Sources */ = {isa = PBXBuildFile; fileRef = 06A8C7E228528841000406F9 /* ReviewsManager.swift */; };
		06A8C7E728548BAD000406F9 /* ReviewTableViewCell.swift in Sources */ = {isa = PBXBuildFile; fileRef = 06A8C7E528548BAD000406F9 /* ReviewTableViewCell.swift */; };
		06A8C7E828548BAD000406F9 /* ReviewTableViewCell.xib in Resources */ = {isa = PBXBuildFile; fileRef = 06A8C7E628548BAD000406F9 /* ReviewTableViewCell.xib */; };
		06A8C7EF2855475E000406F9 /* ReviewButtonTableViewCell.swift in Sources */ = {isa = PBXBuildFile; fileRef = 06A8C7ED2855475E000406F9 /* ReviewButtonTableViewCell.swift */; };
		06A8C7F02855475E000406F9 /* ReviewButtonTableViewCell.xib in Resources */ = {isa = PBXBuildFile; fileRef = 06A8C7EE2855475E000406F9 /* ReviewButtonTableViewCell.xib */; };
		06A8C7F2285BB0B8000406F9 /* HotelsViewController.swift in Sources */ = {isa = PBXBuildFile; fileRef = 06A8C7F1285BB0B8000406F9 /* HotelsViewController.swift */; };
		06A8C7F4285F1F50000406F9 /* TestViewController.swift in Sources */ = {isa = PBXBuildFile; fileRef = 06A8C7F3285F1F50000406F9 /* TestViewController.swift */; };
		06A8C7F62868DDA1000406F9 /* Reviews.storyboard in Resources */ = {isa = PBXBuildFile; fileRef = 06A8C7F52868DDA1000406F9 /* Reviews.storyboard */; };
		06A8C7F82868DE11000406F9 /* ReviewButton.swift in Sources */ = {isa = PBXBuildFile; fileRef = 06A8C7F72868DE11000406F9 /* ReviewButton.swift */; };
		06A8C7FA286AE7ED000406F9 /* ReviewCollectionViewCell.xib in Resources */ = {isa = PBXBuildFile; fileRef = 06A8C7F9286AE7EC000406F9 /* ReviewCollectionViewCell.xib */; };
		06A8C7FC286AE830000406F9 /* ReviewCollectionViewCell.swift in Sources */ = {isa = PBXBuildFile; fileRef = 06A8C7FB286AE830000406F9 /* ReviewCollectionViewCell.swift */; };
		06A8C7FE28737858000406F9 /* ReviewCollectionViewHeader.xib in Resources */ = {isa = PBXBuildFile; fileRef = 06A8C7FD28737858000406F9 /* ReviewCollectionViewHeader.xib */; };
		06AC358B271B58F100D249C6 /* Firebase.swift in Sources */ = {isa = PBXBuildFile; fileRef = 06AC358A271B58F100D249C6 /* Firebase.swift */; };
		06AC358D271B7FAE00D249C6 /* Likes.swift in Sources */ = {isa = PBXBuildFile; fileRef = 06AC358C271B7FAE00D249C6 /* Likes.swift */; };
		06AF200F27E2ED7600B9A692 /* DBProxy.swift in Sources */ = {isa = PBXBuildFile; fileRef = 06AF200E27E2ED7500B9A692 /* DBProxy.swift */; };
		06B9776527F5809800E2ACA1 /* BarcodeData.swift in Sources */ = {isa = PBXBuildFile; fileRef = 06B9776427F5809800E2ACA1 /* BarcodeData.swift */; };
		06C32ADD28245FF100228A40 /* MenuView.swift in Sources */ = {isa = PBXBuildFile; fileRef = 06C32ADC28245FF100228A40 /* MenuView.swift */; };
		06C32ADF28287ACA00228A40 /* LoginViewController.swift in Sources */ = {isa = PBXBuildFile; fileRef = 06C32ADE28287ACA00228A40 /* LoginViewController.swift */; };
		06C32AE1282EC2F100228A40 /* AddUserViewController.swift in Sources */ = {isa = PBXBuildFile; fileRef = 06C32AE0282EC2F100228A40 /* AddUserViewController.swift */; };
		06D7473F2838DF400081F32C /* MenuView.xib in Resources */ = {isa = PBXBuildFile; fileRef = 06D7473E2838DF400081F32C /* MenuView.xib */; };
		06DDB8C1265874BE00A5FD84 /* sheratonFacilities.json in Resources */ = {isa = PBXBuildFile; fileRef = 06DDB8C0265874BE00A5FD84 /* sheratonFacilities.json */; };
		06E5FC432739804A0082EFAC /* RoomService.png in Resources */ = {isa = PBXBuildFile; fileRef = 06E5FC422739804A0082EFAC /* RoomService.png */; };
		06F551DD283D7189007AB4DB /* NewInfoViewController.swift in Sources */ = {isa = PBXBuildFile; fileRef = 06F551DC283D7189007AB4DB /* NewInfoViewController.swift */; };
		06F551DF283D8CC2007AB4DB /* NewInfoImagesTableViewCell.swift in Sources */ = {isa = PBXBuildFile; fileRef = 06F551DE283D8CC2007AB4DB /* NewInfoImagesTableViewCell.swift */; };
		06F551E32842A813007AB4DB /* doskas.swift in Sources */ = {isa = PBXBuildFile; fileRef = 06F551E22842A813007AB4DB /* doskas.swift */; };
		06F551E52842D2E3007AB4DB /* NewOfferGroupViewController.swift in Sources */ = {isa = PBXBuildFile; fileRef = 06F551E42842D2E3007AB4DB /* NewOfferGroupViewController.swift */; };
		06F5D161270B516D004931F7 /* ActivitiesViewController.swift in Sources */ = {isa = PBXBuildFile; fileRef = 06F5D160270B516D004931F7 /* ActivitiesViewController.swift */; };
		06F5D163270B5197004931F7 /* NewActivityViewController.swift in Sources */ = {isa = PBXBuildFile; fileRef = 06F5D162270B5197004931F7 /* NewActivityViewController.swift */; };
		06F5D167270B52A4004931F7 /* Activities.storyboard in Resources */ = {isa = PBXBuildFile; fileRef = 06F5D166270B52A4004931F7 /* Activities.storyboard */; };
		06F5D169270B8E1B004931F7 /* Activity.swift in Sources */ = {isa = PBXBuildFile; fileRef = 06F5D168270B8E1B004931F7 /* Activity.swift */; };
		06F5D16B270BC7D4004931F7 /* ActivityCell.swift in Sources */ = {isa = PBXBuildFile; fileRef = 06F5D16A270BC7D4004931F7 /* ActivityCell.swift */; };
		06F7726A26713DC600E64D54 /* NewsCell2.swift in Sources */ = {isa = PBXBuildFile; fileRef = 06F7726926713DC600E64D54 /* NewsCell2.swift */; };
		06F7726C2671755800E64D54 /* NewNewsPostViewController.swift in Sources */ = {isa = PBXBuildFile; fileRef = 06F7726B2671755800E64D54 /* NewNewsPostViewController.swift */; };
		06F7726E2673931300E64D54 /* NewsDetailViewController.swift in Sources */ = {isa = PBXBuildFile; fileRef = 06F7726D2673931300E64D54 /* NewsDetailViewController.swift */; };
		06F7727026760FA100E64D54 /* IBPCollectionViewCompositionalLayoutInteroperability.swift in Sources */ = {isa = PBXBuildFile; fileRef = 06F7726F26760FA100E64D54 /* IBPCollectionViewCompositionalLayoutInteroperability.swift */; };
		06F7727226762E6A00E64D54 /* InfoDetailViewController.swift in Sources */ = {isa = PBXBuildFile; fileRef = 06F7727126762E6A00E64D54 /* InfoDetailViewController.swift */; };
		06F772772676B3DD00E64D54 /* adoptacoral2.jpg in Resources */ = {isa = PBXBuildFile; fileRef = 06F772742676B3DC00E64D54 /* adoptacoral2.jpg */; };
		06F772782676B3DD00E64D54 /* adoptacoral3.jpg in Resources */ = {isa = PBXBuildFile; fileRef = 06F772752676B3DD00E64D54 /* adoptacoral3.jpg */; };
		06F772792676B3DD00E64D54 /* adoptacoral1.jpg in Resources */ = {isa = PBXBuildFile; fileRef = 06F772762676B3DD00E64D54 /* adoptacoral1.jpg */; };
		06F7727B267E8A6D00E64D54 /* NewsViewController.swift in Sources */ = {isa = PBXBuildFile; fileRef = 06F7727A267E8A6D00E64D54 /* NewsViewController.swift */; };
		DC6E69F6183DA142BACD09F5 /* Pods_Test2.framework in Frameworks */ = {isa = PBXBuildFile; fileRef = 2F204771642152F30EF7085F /* Pods_Test2.framework */; };
/* End PBXBuildFile section */

/* Begin PBXFileReference section */
		0601978D280D8064004532D5 /* Spinner.swift */ = {isa = PBXFileReference; lastKnownFileType = sourcecode.swift; path = Spinner.swift; sourceTree = "<group>"; };
		0601978F2819B3CE004532D5 /* AssignViewController.swift */ = {isa = PBXFileReference; lastKnownFileType = sourcecode.swift; path = AssignViewController.swift; sourceTree = "<group>"; };
		06090DD827C7AFC200B85393 /* NewOfferViewController.swift */ = {isa = PBXFileReference; lastKnownFileType = sourcecode.swift; path = NewOfferViewController.swift; sourceTree = "<group>"; };
		06137FC927CB388700377F1B /* BuggyOrderViewController.swift */ = {isa = PBXFileReference; lastKnownFileType = sourcecode.swift; path = BuggyOrderViewController.swift; sourceTree = "<group>"; };
		061630F32802B9E8007C501F /* LogInDB.swift */ = {isa = PBXFileReference; lastKnownFileType = sourcecode.swift; path = LogInDB.swift; sourceTree = "<group>"; };
		061C4E0C2734A8BA00A6D5DA /* Info.storyboard */ = {isa = PBXFileReference; fileEncoding = 4; lastKnownFileType = file.storyboard; path = Info.storyboard; sourceTree = "<group>"; };
		061C4E0E2734AB8C00A6D5DA /* OrderSummary.storyboard */ = {isa = PBXFileReference; fileEncoding = 4; lastKnownFileType = file.storyboard; path = OrderSummary.storyboard; sourceTree = "<group>"; };
		061C4E132734ACAC00A6D5DA /* Room.storyboard */ = {isa = PBXFileReference; fileEncoding = 4; lastKnownFileType = file.storyboard; path = Room.storyboard; sourceTree = "<group>"; };
		061C4E152734AED700A6D5DA /* Home.storyboard */ = {isa = PBXFileReference; fileEncoding = 4; lastKnownFileType = file.storyboard; path = Home.storyboard; sourceTree = "<group>"; };
		061C4E1E2735E8D500A6D5DA /* he */ = {isa = PBXFileReference; lastKnownFileType = text.plist.strings; name = he; path = he.lproj/Localizable.strings; sourceTree = "<group>"; };
		061C4E212735E8E700A6D5DA /* pl */ = {isa = PBXFileReference; lastKnownFileType = text.plist.strings; name = pl; path = pl.lproj/InfoPlist.strings; sourceTree = "<group>"; };
		061C4E232735E8E700A6D5DA /* pl */ = {isa = PBXFileReference; lastKnownFileType = text.plist.strings; name = pl; path = pl.lproj/Localizable.strings; sourceTree = "<group>"; };
		061C4E6F2736010200A6D5DA /* Base */ = {isa = PBXFileReference; lastKnownFileType = file.storyboard; name = Base; path = Base.lproj/LaunchScreen.storyboard; sourceTree = "<group>"; };
		061DC82626526E0E00C4C794 /* RestaurantDestinationDiningCell.swift */ = {isa = PBXFileReference; lastKnownFileType = sourcecode.swift; path = RestaurantDestinationDiningCell.swift; sourceTree = "<group>"; };
		061DC82A2654244700C4C794 /* RestaurantSectionHeaderView.xib */ = {isa = PBXFileReference; lastKnownFileType = file.xib; path = RestaurantSectionHeaderView.xib; sourceTree = "<group>"; };
		061DC82C2654334C00C4C794 /* DestinationDiningPrivateEvents.jpg */ = {isa = PBXFileReference; lastKnownFileType = image.jpeg; path = DestinationDiningPrivateEvents.jpg; sourceTree = "<group>"; };
		061DC82D2654334C00C4C794 /* DestinationDiningSandbankPicnic.jpg */ = {isa = PBXFileReference; lastKnownFileType = image.jpeg; path = DestinationDiningSandbankPicnic.jpg; sourceTree = "<group>"; };
		061DC82E2654334C00C4C794 /* DestinationDiningChampagneBreakfast.jpg */ = {isa = PBXFileReference; lastKnownFileType = image.jpeg; path = DestinationDiningChampagneBreakfast.jpg; sourceTree = "<group>"; };
		061DC82F2654334C00C4C794 /* DestinationDiningCuratedExperiences.jpg */ = {isa = PBXFileReference; lastKnownFileType = image.jpeg; path = DestinationDiningCuratedExperiences.jpg; sourceTree = "<group>"; };
		061DC8302654334D00C4C794 /* DestinationDiningBubblesUnderTheStars.jpg */ = {isa = PBXFileReference; lastKnownFileType = image.jpeg; path = DestinationDiningBubblesUnderTheStars.jpg; sourceTree = "<group>"; };
		061DC8312654334D00C4C794 /* DestinationDiningLagoonLunch.jpg */ = {isa = PBXFileReference; lastKnownFileType = image.jpeg; path = DestinationDiningLagoonLunch.jpg; sourceTree = "<group>"; };
		061DC838265469E700C4C794 /* WatersportsViewController.swift */ = {isa = PBXFileReference; lastKnownFileType = sourcecode.swift; path = WatersportsViewController.swift; sourceTree = "<group>"; };
		061DC83A26546E2800C4C794 /* Extreme-Watersports-Sheraton-AP2021.pdf */ = {isa = PBXFileReference; lastKnownFileType = image.pdf; path = "Extreme-Watersports-Sheraton-AP2021.pdf"; sourceTree = "<group>"; };
		061DC83C26547BC300C4C794 /* HotelInit.swift */ = {isa = PBXFileReference; lastKnownFileType = sourcecode.swift; path = HotelInit.swift; sourceTree = "<group>"; };
		061DC83E26554AD900C4C794 /* SplashViewController.swift */ = {isa = PBXFileReference; lastKnownFileType = sourcecode.swift; path = SplashViewController.swift; sourceTree = "<group>"; };
		061DC8422656C57D00C4C794 /* DestinationDiningViewController.swift */ = {isa = PBXFileReference; lastKnownFileType = sourcecode.swift; path = DestinationDiningViewController.swift; sourceTree = "<group>"; };
		061DE02D2731AEEF0021A37C /* RoomItemsViewController.swift */ = {isa = PBXFileReference; lastKnownFileType = sourcecode.swift; path = RoomItemsViewController.swift; sourceTree = "<group>"; };
		062038652641A37500B87708 /* MapViewController.swift */ = {isa = PBXFileReference; lastKnownFileType = sourcecode.swift; path = MapViewController.swift; sourceTree = "<group>"; };
		0620386F2641E72900B87708 /* MenuViewController.swift */ = {isa = PBXFileReference; lastKnownFileType = sourcecode.swift; path = MenuViewController.swift; sourceTree = "<group>"; };
		062038712641E81B00B87708 /* Menu.storyboard */ = {isa = PBXFileReference; lastKnownFileType = file.storyboard; path = Menu.storyboard; sourceTree = "<group>"; };
		0622163F2638B0B7002C0977 /* RoomItemCell.swift */ = {isa = PBXFileReference; lastKnownFileType = sourcecode.swift; path = RoomItemCell.swift; sourceTree = "<group>"; };
		06293E2A2809523900226400 /* FirebaseDatabase.swift */ = {isa = PBXFileReference; lastKnownFileType = sourcecode.swift; path = FirebaseDatabase.swift; sourceTree = "<group>"; };
		06293E2C28096F0A00226400 /* FirebaseMessaging.swift */ = {isa = PBXFileReference; lastKnownFileType = sourcecode.swift; path = FirebaseMessaging.swift; sourceTree = "<group>"; };
		06293E2E28099BBB00226400 /* MessagingProxy.swift */ = {isa = PBXFileReference; lastKnownFileType = sourcecode.swift; path = MessagingProxy.swift; sourceTree = "<group>"; };
		06293E30280AA68600226400 /* PhoneUser.swift */ = {isa = PBXFileReference; lastKnownFileType = sourcecode.swift; path = PhoneUser.swift; sourceTree = "<group>"; };
		062D1A0826EE247500A14FDE /* ConfigViewController.swift */ = {isa = PBXFileReference; lastKnownFileType = sourcecode.swift; path = ConfigViewController.swift; sourceTree = "<group>"; };
		0632D44426683C9C001F7036 /* GoogleService-Info.plist */ = {isa = PBXFileReference; fileEncoding = 4; lastKnownFileType = text.plist.xml; path = "GoogleService-Info.plist"; sourceTree = "<group>"; };
		0632D4462668E3BD001F7036 /* FirebaseUtils.swift */ = {isa = PBXFileReference; lastKnownFileType = sourcecode.swift; path = FirebaseUtils.swift; sourceTree = "<group>"; };
		0632D4482669A1A5001F7036 /* Guest.swift */ = {isa = PBXFileReference; lastKnownFileType = sourcecode.swift; path = Guest.swift; sourceTree = "<group>"; };
		0632D44A266AC3A3001F7036 /* OrdersViewController.swift */ = {isa = PBXFileReference; lastKnownFileType = sourcecode.swift; path = OrdersViewController.swift; sourceTree = "<group>"; };
		0632D44F266ACB22001F7036 /* Orders.storyboard */ = {isa = PBXFileReference; lastKnownFileType = file.storyboard; path = Orders.storyboard; sourceTree = "<group>"; };
		0632D451266ADF66001F7036 /* OrderDetailsCell.swift */ = {isa = PBXFileReference; lastKnownFileType = sourcecode.swift; path = OrderDetailsCell.swift; sourceTree = "<group>"; };
		0638E79C2709053700EACFC1 /* WaterSports.storyboard */ = {isa = PBXFileReference; fileEncoding = 4; lastKnownFileType = file.storyboard; path = WaterSports.storyboard; sourceTree = "<group>"; };
		064352A226385A3900A54BFC /* extensions.swift */ = {isa = PBXFileReference; lastKnownFileType = sourcecode.swift; path = extensions.swift; sourceTree = "<group>"; };
		064352A426385F8400A54BFC /* Restaurant.swift */ = {isa = PBXFileReference; lastKnownFileType = sourcecode.swift; path = Restaurant.swift; sourceTree = "<group>"; };
		064C205127EF604C00DA7A4A /* ScannerViewController.swift */ = {isa = PBXFileReference; lastKnownFileType = sourcecode.swift; path = ScannerViewController.swift; sourceTree = "<group>"; };
		065F03262635D47F00A5CDEF /* Test2.app */ = {isa = PBXFileReference; explicitFileType = wrapper.application; includeInIndex = 0; path = Test2.app; sourceTree = BUILT_PRODUCTS_DIR; };
		065F03292635D47F00A5CDEF /* AppDelegate.swift */ = {isa = PBXFileReference; lastKnownFileType = sourcecode.swift; path = AppDelegate.swift; sourceTree = "<group>"; };
		065F032B2635D47F00A5CDEF /* SceneDelegate.swift */ = {isa = PBXFileReference; lastKnownFileType = sourcecode.swift; path = SceneDelegate.swift; sourceTree = "<group>"; };
		065F03352635D48000A5CDEF /* Assets.xcassets */ = {isa = PBXFileReference; lastKnownFileType = folder.assetcatalog; path = Assets.xcassets; sourceTree = "<group>"; };
		065F033A2635D48000A5CDEF /* Info.plist */ = {isa = PBXFileReference; lastKnownFileType = text.plist.xml; path = Info.plist; sourceTree = "<group>"; };
		065F035B2635FD0B00A5CDEF /* Map.storyboard */ = {isa = PBXFileReference; lastKnownFileType = file.storyboard; path = Map.storyboard; sourceTree = "<group>"; };
		065F0366263621F200A5CDEF /* Menu.swift */ = {isa = PBXFileReference; lastKnownFileType = sourcecode.swift; path = Menu.swift; sourceTree = "<group>"; };
		065F03692636221100A5CDEF /* Hotel.swift */ = {isa = PBXFileReference; lastKnownFileType = sourcecode.swift; path = Hotel.swift; sourceTree = "<group>"; };
		065F036D26362E5500A5CDEF /* HotelTestData.swift */ = {isa = PBXFileReference; lastKnownFileType = sourcecode.swift; path = HotelTestData.swift; sourceTree = "<group>"; };
		06606DF2270760330023412C /* ServiceOrderViewController.swift */ = {isa = PBXFileReference; lastKnownFileType = sourcecode.swift; path = ServiceOrderViewController.swift; sourceTree = "<group>"; };
		066874F92830367600DB5604 /* UsersViewController.swift */ = {isa = PBXFileReference; lastKnownFileType = sourcecode.swift; path = UsersViewController.swift; sourceTree = "<group>"; };
		066874FB28307AE800DB5604 /* ChangePasswordViewController.swift */ = {isa = PBXFileReference; lastKnownFileType = sourcecode.swift; path = ChangePasswordViewController.swift; sourceTree = "<group>"; };
		066874FD2831260600DB5604 /* EditUserViewController.swift */ = {isa = PBXFileReference; lastKnownFileType = sourcecode.swift; path = EditUserViewController.swift; sourceTree = "<group>"; };
		066874FF28325EA400DB5604 /* FirebaseFunctions.swift */ = {isa = PBXFileReference; lastKnownFileType = sourcecode.swift; path = FirebaseFunctions.swift; sourceTree = "<group>"; };
		066875012832FC5200DB5604 /* Users.storyboard */ = {isa = PBXFileReference; fileEncoding = 4; lastKnownFileType = file.storyboard; path = Users.storyboard; sourceTree = "<group>"; };
		066BF3F72637460300EE834C /* Order.swift */ = {isa = PBXFileReference; lastKnownFileType = sourcecode.swift; path = Order.swift; sourceTree = "<group>"; };
		066BF4022637619B00EE834C /* RoomViewController.swift */ = {isa = PBXFileReference; lastKnownFileType = sourcecode.swift; path = RoomViewController.swift; sourceTree = "<group>"; };
		0676E271264836A9002BFE80 /* MenuSectionHeaderView.xib */ = {isa = PBXFileReference; lastKnownFileType = file.xib; path = MenuSectionHeaderView.xib; sourceTree = "<group>"; };
		067A4D822807F4C60043F50D /* AuthProxy.swift */ = {isa = PBXFileReference; lastKnownFileType = sourcecode.swift; path = AuthProxy.swift; sourceTree = "<group>"; };
		067A4D842807F64B0043F50D /* FirebaseAuth.swift */ = {isa = PBXFileReference; lastKnownFileType = sourcecode.swift; path = FirebaseAuth.swift; sourceTree = "<group>"; };
		067A4D862807FBFE0043F50D /* StorageProxy.swift */ = {isa = PBXFileReference; lastKnownFileType = sourcecode.swift; path = StorageProxy.swift; sourceTree = "<group>"; };
		0683A1E0264EDB540000D122 /* RoomItemsOrderViewController.swift */ = {isa = PBXFileReference; lastKnownFileType = sourcecode.swift; path = RoomItemsOrderViewController.swift; sourceTree = "<group>"; };
		0683A1ED265154250000D122 /* MenuCell.swift */ = {isa = PBXFileReference; lastKnownFileType = sourcecode.swift; path = MenuCell.swift; sourceTree = "<group>"; };
		0683A1EF26516FF50000D122 /* MenuPageViewController.swift */ = {isa = PBXFileReference; lastKnownFileType = sourcecode.swift; path = MenuPageViewController.swift; sourceTree = "<group>"; };
		0683A1F1265172070000D122 /* MenuMainViewController.swift */ = {isa = PBXFileReference; lastKnownFileType = sourcecode.swift; path = MenuMainViewController.swift; sourceTree = "<group>"; };
		06882F5D2742B89C00D643A0 /* NewHotelConfigViewController.swift */ = {isa = PBXFileReference; lastKnownFileType = sourcecode.swift; path = NewHotelConfigViewController.swift; sourceTree = "<group>"; };
		06882F5F27447DE800D643A0 /* NetworkStatus.swift */ = {isa = PBXFileReference; lastKnownFileType = sourcecode.swift; path = NetworkStatus.swift; sourceTree = "<group>"; };
		06882F612745BF8700D643A0 /* FirebaseStorage.swift */ = {isa = PBXFileReference; lastKnownFileType = sourcecode.swift; path = FirebaseStorage.swift; sourceTree = "<group>"; };
		06882F64274911D100D643A0 /* OffersViewController.swift */ = {isa = PBXFileReference; lastKnownFileType = sourcecode.swift; path = OffersViewController.swift; sourceTree = "<group>"; };
		06882F662749128100D643A0 /* OffersCell.swift */ = {isa = PBXFileReference; lastKnownFileType = sourcecode.swift; path = OffersCell.swift; sourceTree = "<group>"; };
		06882F682749644D00D643A0 /* Offer.swift */ = {isa = PBXFileReference; lastKnownFileType = sourcecode.swift; path = Offer.swift; sourceTree = "<group>"; };
		06882F6A27499BBD00D643A0 /* Offers.storyboard */ = {isa = PBXFileReference; lastKnownFileType = file.storyboard; path = Offers.storyboard; sourceTree = "<group>"; };
		06882F6C274C5AF900D643A0 /* offers.json */ = {isa = PBXFileReference; lastKnownFileType = text.json; path = offers.json; sourceTree = "<group>"; };
		06882F6E274D867300D643A0 /* OfferViewController.swift */ = {isa = PBXFileReference; lastKnownFileType = sourcecode.swift; path = OfferViewController.swift; sourceTree = "<group>"; };
		069945A92729FC75009548AA /* Translations.swift */ = {isa = PBXFileReference; lastKnownFileType = sourcecode.swift; path = Translations.swift; sourceTree = "<group>"; };
		069AA4222714F456002EE497 /* HomeCollectionViewController.swift */ = {isa = PBXFileReference; lastKnownFileType = sourcecode.swift; path = HomeCollectionViewController.swift; sourceTree = "<group>"; };
		069DB354263AED0E00C91468 /* Main.storyboard */ = {isa = PBXFileReference; fileEncoding = 4; lastKnownFileType = file.storyboard; path = Main.storyboard; sourceTree = "<group>"; };
		069DB356263B0FB800C91468 /* ReviewViewController.swift */ = {isa = PBXFileReference; fileEncoding = 4; lastKnownFileType = sourcecode.swift; path = ReviewViewController.swift; sourceTree = "<group>"; };
		069DB357263B0FB800C91468 /* RestaurantDetailViewController.swift */ = {isa = PBXFileReference; fileEncoding = 4; lastKnownFileType = sourcecode.swift; path = RestaurantDetailViewController.swift; sourceTree = "<group>"; };
		069DB358263B0FB800C91468 /* RestaurantTableViewController.swift */ = {isa = PBXFileReference; fileEncoding = 4; lastKnownFileType = sourcecode.swift; path = RestaurantTableViewController.swift; sourceTree = "<group>"; };
		069DB359263B0FB800C91468 /* NewRestaurantController.swift */ = {isa = PBXFileReference; fileEncoding = 4; lastKnownFileType = sourcecode.swift; path = NewRestaurantController.swift; sourceTree = "<group>"; };
		069DB362263B105C00C91468 /* RestaurantTableViewCell.swift */ = {isa = PBXFileReference; fileEncoding = 4; lastKnownFileType = sourcecode.swift; path = RestaurantTableViewCell.swift; sourceTree = "<group>"; };
		069DB368263B12EB00C91468 /* RoundedTextField.swift */ = {isa = PBXFileReference; fileEncoding = 4; lastKnownFileType = sourcecode.swift; path = RoundedTextField.swift; sourceTree = "<group>"; };
		069DB36A263B14A300C91468 /* Restaurants.storyboard */ = {isa = PBXFileReference; fileEncoding = 4; lastKnownFileType = file.storyboard; path = Restaurants.storyboard; sourceTree = "<group>"; };
		069FD3C5268CB4350076C6FC /* News.storyboard */ = {isa = PBXFileReference; fileEncoding = 4; lastKnownFileType = file.storyboard; path = News.storyboard; sourceTree = "<group>"; };
		069FD3CB268CBB200076C6FC /* OrderSummaryViewController.swift */ = {isa = PBXFileReference; lastKnownFileType = sourcecode.swift; path = OrderSummaryViewController.swift; sourceTree = "<group>"; };
		069FD3D0269386390076C6FC /* Onboarding.storyboard */ = {isa = PBXFileReference; lastKnownFileType = file.storyboard; path = Onboarding.storyboard; sourceTree = "<group>"; };
		069FD3D226938A150076C6FC /* OnboardingPageViewController.swift */ = {isa = PBXFileReference; lastKnownFileType = sourcecode.swift; path = OnboardingPageViewController.swift; sourceTree = "<group>"; };
		069FD3D4269397440076C6FC /* OnboardingContentViewController.swift */ = {isa = PBXFileReference; lastKnownFileType = sourcecode.swift; path = OnboardingContentViewController.swift; sourceTree = "<group>"; };
		069FD3D6269650630076C6FC /* UIViewExtensions.swift */ = {isa = PBXFileReference; lastKnownFileType = sourcecode.swift; path = UIViewExtensions.swift; sourceTree = "<group>"; };
		069FDBA1269E17C3004F543F /* MessageKitChatViewController.swift */ = {isa = PBXFileReference; lastKnownFileType = sourcecode.swift; path = MessageKitChatViewController.swift; sourceTree = "<group>"; };
		069FDBA3269E34CE004F543F /* Chat.storyboard */ = {isa = PBXFileReference; lastKnownFileType = file.storyboard; path = Chat.storyboard; sourceTree = "<group>"; };
		069FDBA5269E384B004F543F /* ChatViewController.swift */ = {isa = PBXFileReference; lastKnownFileType = sourcecode.swift; path = ChatViewController.swift; sourceTree = "<group>"; };
		069FDBA726A09A55004F543F /* Chat.swift */ = {isa = PBXFileReference; lastKnownFileType = sourcecode.swift; path = Chat.swift; sourceTree = "<group>"; };
		069FDBA926A39486004F543F /* ChatListViewController.swift */ = {isa = PBXFileReference; lastKnownFileType = sourcecode.swift; path = ChatListViewController.swift; sourceTree = "<group>"; };
		069FDBAB26AEF0A6004F543F /* roomItems.json */ = {isa = PBXFileReference; fileEncoding = 4; lastKnownFileType = text.json; path = roomItems.json; sourceTree = "<group>"; };
		06A47DCD2839775F002D32B5 /* InfoViewController.swift */ = {isa = PBXFileReference; lastKnownFileType = sourcecode.swift; path = InfoViewController.swift; sourceTree = "<group>"; };
		06A8C7E0284BFD4B000406F9 /* RateReviewViewController.swift */ = {isa = PBXFileReference; lastKnownFileType = sourcecode.swift; path = RateReviewViewController.swift; sourceTree = "<group>"; };
		06A8C7E228528841000406F9 /* ReviewsManager.swift */ = {isa = PBXFileReference; lastKnownFileType = sourcecode.swift; path = ReviewsManager.swift; sourceTree = "<group>"; };
		06A8C7E528548BAD000406F9 /* ReviewTableViewCell.swift */ = {isa = PBXFileReference; lastKnownFileType = sourcecode.swift; path = ReviewTableViewCell.swift; sourceTree = "<group>"; };
		06A8C7E628548BAD000406F9 /* ReviewTableViewCell.xib */ = {isa = PBXFileReference; lastKnownFileType = file.xib; path = ReviewTableViewCell.xib; sourceTree = "<group>"; };
		06A8C7ED2855475E000406F9 /* ReviewButtonTableViewCell.swift */ = {isa = PBXFileReference; lastKnownFileType = sourcecode.swift; path = ReviewButtonTableViewCell.swift; sourceTree = "<group>"; };
		06A8C7EE2855475E000406F9 /* ReviewButtonTableViewCell.xib */ = {isa = PBXFileReference; lastKnownFileType = file.xib; path = ReviewButtonTableViewCell.xib; sourceTree = "<group>"; };
		06A8C7F1285BB0B8000406F9 /* HotelsViewController.swift */ = {isa = PBXFileReference; lastKnownFileType = sourcecode.swift; path = HotelsViewController.swift; sourceTree = "<group>"; };
		06A8C7F3285F1F50000406F9 /* TestViewController.swift */ = {isa = PBXFileReference; lastKnownFileType = sourcecode.swift; path = TestViewController.swift; sourceTree = "<group>"; };
		06A8C7F52868DDA1000406F9 /* Reviews.storyboard */ = {isa = PBXFileReference; fileEncoding = 4; lastKnownFileType = file.storyboard; path = Reviews.storyboard; sourceTree = "<group>"; };
		06A8C7F72868DE11000406F9 /* ReviewButton.swift */ = {isa = PBXFileReference; lastKnownFileType = sourcecode.swift; path = ReviewButton.swift; sourceTree = "<group>"; };
		06A8C7F9286AE7EC000406F9 /* ReviewCollectionViewCell.xib */ = {isa = PBXFileReference; lastKnownFileType = file.xib; path = ReviewCollectionViewCell.xib; sourceTree = "<group>"; };
		06A8C7FB286AE830000406F9 /* ReviewCollectionViewCell.swift */ = {isa = PBXFileReference; lastKnownFileType = sourcecode.swift; path = ReviewCollectionViewCell.swift; sourceTree = "<group>"; };
		06A8C7FD28737858000406F9 /* ReviewCollectionViewHeader.xib */ = {isa = PBXFileReference; lastKnownFileType = file.xib; path = ReviewCollectionViewHeader.xib; sourceTree = "<group>"; };
		06AC358A271B58F100D249C6 /* Firebase.swift */ = {isa = PBXFileReference; lastKnownFileType = sourcecode.swift; path = Firebase.swift; sourceTree = "<group>"; };
		06AC358C271B7FAE00D249C6 /* Likes.swift */ = {isa = PBXFileReference; lastKnownFileType = sourcecode.swift; path = Likes.swift; sourceTree = "<group>"; };
		06AF200E27E2ED7500B9A692 /* DBProxy.swift */ = {isa = PBXFileReference; lastKnownFileType = sourcecode.swift; path = DBProxy.swift; sourceTree = "<group>"; };
		06B9776427F5809800E2ACA1 /* BarcodeData.swift */ = {isa = PBXFileReference; lastKnownFileType = sourcecode.swift; path = BarcodeData.swift; sourceTree = "<group>"; };
		06C32ADC28245FF100228A40 /* MenuView.swift */ = {isa = PBXFileReference; lastKnownFileType = sourcecode.swift; path = MenuView.swift; sourceTree = "<group>"; };
		06C32ADE28287ACA00228A40 /* LoginViewController.swift */ = {isa = PBXFileReference; lastKnownFileType = sourcecode.swift; path = LoginViewController.swift; sourceTree = "<group>"; };
		06C32AE0282EC2F100228A40 /* AddUserViewController.swift */ = {isa = PBXFileReference; lastKnownFileType = sourcecode.swift; path = AddUserViewController.swift; sourceTree = "<group>"; };
		06D7473E2838DF400081F32C /* MenuView.xib */ = {isa = PBXFileReference; lastKnownFileType = file.xib; path = MenuView.xib; sourceTree = "<group>"; };
		06DDB8C0265874BE00A5FD84 /* sheratonFacilities.json */ = {isa = PBXFileReference; fileEncoding = 4; lastKnownFileType = text.json; path = sheratonFacilities.json; sourceTree = "<group>"; };
		06E5FC422739804A0082EFAC /* RoomService.png */ = {isa = PBXFileReference; lastKnownFileType = image.png; path = RoomService.png; sourceTree = "<group>"; };
		06F551DC283D7189007AB4DB /* NewInfoViewController.swift */ = {isa = PBXFileReference; lastKnownFileType = sourcecode.swift; path = NewInfoViewController.swift; sourceTree = "<group>"; };
		06F551DE283D8CC2007AB4DB /* NewInfoImagesTableViewCell.swift */ = {isa = PBXFileReference; lastKnownFileType = sourcecode.swift; path = NewInfoImagesTableViewCell.swift; sourceTree = "<group>"; };
		06F551E22842A813007AB4DB /* doskas.swift */ = {isa = PBXFileReference; lastKnownFileType = sourcecode.swift; path = doskas.swift; sourceTree = "<group>"; };
		06F551E42842D2E3007AB4DB /* NewOfferGroupViewController.swift */ = {isa = PBXFileReference; lastKnownFileType = sourcecode.swift; path = NewOfferGroupViewController.swift; sourceTree = "<group>"; };
		06F5D160270B516D004931F7 /* ActivitiesViewController.swift */ = {isa = PBXFileReference; lastKnownFileType = sourcecode.swift; path = ActivitiesViewController.swift; sourceTree = "<group>"; };
		06F5D162270B5197004931F7 /* NewActivityViewController.swift */ = {isa = PBXFileReference; lastKnownFileType = sourcecode.swift; path = NewActivityViewController.swift; sourceTree = "<group>"; };
		06F5D166270B52A4004931F7 /* Activities.storyboard */ = {isa = PBXFileReference; lastKnownFileType = file.storyboard; path = Activities.storyboard; sourceTree = "<group>"; };
		06F5D168270B8E1B004931F7 /* Activity.swift */ = {isa = PBXFileReference; lastKnownFileType = sourcecode.swift; path = Activity.swift; sourceTree = "<group>"; };
		06F5D16A270BC7D4004931F7 /* ActivityCell.swift */ = {isa = PBXFileReference; lastKnownFileType = sourcecode.swift; path = ActivityCell.swift; sourceTree = "<group>"; };
		06F77266266FD8B500E64D54 /* Test2.entitlements */ = {isa = PBXFileReference; lastKnownFileType = text.plist.entitlements; path = Test2.entitlements; sourceTree = "<group>"; };
		06F7726926713DC600E64D54 /* NewsCell2.swift */ = {isa = PBXFileReference; lastKnownFileType = sourcecode.swift; path = NewsCell2.swift; sourceTree = "<group>"; };
		06F7726B2671755800E64D54 /* NewNewsPostViewController.swift */ = {isa = PBXFileReference; lastKnownFileType = sourcecode.swift; path = NewNewsPostViewController.swift; sourceTree = "<group>"; };
		06F7726D2673931300E64D54 /* NewsDetailViewController.swift */ = {isa = PBXFileReference; lastKnownFileType = sourcecode.swift; path = NewsDetailViewController.swift; sourceTree = "<group>"; };
		06F7726F26760FA100E64D54 /* IBPCollectionViewCompositionalLayoutInteroperability.swift */ = {isa = PBXFileReference; fileEncoding = 4; lastKnownFileType = sourcecode.swift; path = IBPCollectionViewCompositionalLayoutInteroperability.swift; sourceTree = "<group>"; };
		06F7727126762E6A00E64D54 /* InfoDetailViewController.swift */ = {isa = PBXFileReference; lastKnownFileType = sourcecode.swift; path = InfoDetailViewController.swift; sourceTree = "<group>"; };
		06F772742676B3DC00E64D54 /* adoptacoral2.jpg */ = {isa = PBXFileReference; lastKnownFileType = image.jpeg; path = adoptacoral2.jpg; sourceTree = "<group>"; };
		06F772752676B3DD00E64D54 /* adoptacoral3.jpg */ = {isa = PBXFileReference; lastKnownFileType = image.jpeg; path = adoptacoral3.jpg; sourceTree = "<group>"; };
		06F772762676B3DD00E64D54 /* adoptacoral1.jpg */ = {isa = PBXFileReference; lastKnownFileType = image.jpeg; path = adoptacoral1.jpg; sourceTree = "<group>"; };
		06F7727A267E8A6D00E64D54 /* NewsViewController.swift */ = {isa = PBXFileReference; lastKnownFileType = sourcecode.swift; path = NewsViewController.swift; sourceTree = "<group>"; };
		2F204771642152F30EF7085F /* Pods_Test2.framework */ = {isa = PBXFileReference; explicitFileType = wrapper.framework; includeInIndex = 0; path = Pods_Test2.framework; sourceTree = BUILT_PRODUCTS_DIR; };
		A1BA31EED1AB8CA9CE2D18BF /* Pods-Test2.release.xcconfig */ = {isa = PBXFileReference; includeInIndex = 1; lastKnownFileType = text.xcconfig; name = "Pods-Test2.release.xcconfig"; path = "Target Support Files/Pods-Test2/Pods-Test2.release.xcconfig"; sourceTree = "<group>"; };
		BD5E12E74C482AFD0364C5DE /* Pods-Test2.debug.xcconfig */ = {isa = PBXFileReference; includeInIndex = 1; lastKnownFileType = text.xcconfig; name = "Pods-Test2.debug.xcconfig"; path = "Target Support Files/Pods-Test2/Pods-Test2.debug.xcconfig"; sourceTree = "<group>"; };
/* End PBXFileReference section */

/* Begin PBXFrameworksBuildPhase section */
		065F03232635D47F00A5CDEF /* Frameworks */ = {
			isa = PBXFrameworksBuildPhase;
			buildActionMask = 2147483647;
			files = (
				DC6E69F6183DA142BACD09F5 /* Pods_Test2.framework in Frameworks */,
			);
			runOnlyForDeploymentPostprocessing = 0;
		};
/* End PBXFrameworksBuildPhase section */

/* Begin PBXGroup section */
		064352A126385A2000A54BFC /* Misc */ = {
			isa = PBXGroup;
			children = (
				06F7726F26760FA100E64D54 /* IBPCollectionViewCompositionalLayoutInteroperability.swift */,
				069DB368263B12EB00C91468 /* RoundedTextField.swift */,
				064352A226385A3900A54BFC /* extensions.swift */,
				069FD3D6269650630076C6FC /* UIViewExtensions.swift */,
				06882F5F27447DE800D643A0 /* NetworkStatus.swift */,
				0601978D280D8064004532D5 /* Spinner.swift */,
				06C32ADC28245FF100228A40 /* MenuView.swift */,
				06D7473E2838DF400081F32C /* MenuView.xib */,
			);
			path = Misc;
			sourceTree = "<group>";
		};
		065F031D2635D47F00A5CDEF = {
			isa = PBXGroup;
			children = (
				065F03282635D47F00A5CDEF /* Test2 */,
				065F03272635D47F00A5CDEF /* Products */,
				217DEAEB61679654AFDB4AC3 /* Pods */,
				B9936F420CF91D55D6D6ACDB /* Frameworks */,
			);
			sourceTree = "<group>";
		};
		065F03272635D47F00A5CDEF /* Products */ = {
			isa = PBXGroup;
			children = (
				065F03262635D47F00A5CDEF /* Test2.app */,
			);
			name = Products;
			sourceTree = "<group>";
		};
		065F03282635D47F00A5CDEF /* Test2 */ = {
			isa = PBXGroup;
			children = (
				06F5D16C2713283A004931F7 /* Firebase */,
				064352A126385A2000A54BFC /* Misc */,
				06B9776127F16B3B00E2ACA1 /* Main */,
				065F034D2635EB6300A5CDEF /* Home */,
				066875032832FD7800DB5604 /* Users */,
				069FD3CD2691DB3A0076C6FC /* Onboarding */,
				069FD3C4268CB4210076C6FC /* News */,
				06F5D15F270B4E6A004931F7 /* Activities */,
				06882F63274911B600D643A0 /* Offers */,
				069FD3C7268CB4BC0076C6FC /* Info */,
				065F03522635ED8C00A5CDEF /* Restaurants */,
				0683A1DE264DC75D0000D122 /* Menu */,
				06A8C7E428548B69000406F9 /* Reviews */,
				0683A1E5264F33A40000D122 /* Room */,
				0683A1DF264ED6670000D122 /* Orders */,
				069FDBA0269E17A8004F543F /* Chat */,
				0683A1F52651D5EE0000D122 /* Watersports */,
				065F035A2635FCEF00A5CDEF /* Map */,
				065F0362263621AE00A5CDEF /* Model */,
				066BF3FA2637552500EE834C /* Resources */,
				061C4E702736010200A6D5DA /* LaunchScreen.storyboard */,
				065F03292635D47F00A5CDEF /* AppDelegate.swift */,
				065F032B2635D47F00A5CDEF /* SceneDelegate.swift */,
				065F03352635D48000A5CDEF /* Assets.xcassets */,
				065F033A2635D48000A5CDEF /* Info.plist */,
				061C4E202735E8E700A6D5DA /* InfoPlist.strings */,
				061C4E1D2735E8D500A6D5DA /* Localizable.strings */,
				0632D44426683C9C001F7036 /* GoogleService-Info.plist */,
				06F77266266FD8B500E64D54 /* Test2.entitlements */,
			);
			path = Test2;
			sourceTree = "<group>";
		};
		065F034D2635EB6300A5CDEF /* Home */ = {
			isa = PBXGroup;
			children = (
				061C4E152734AED700A6D5DA /* Home.storyboard */,
				069AA4222714F456002EE497 /* HomeCollectionViewController.swift */,
				06882F5D2742B89C00D643A0 /* NewHotelConfigViewController.swift */,
				06A8C7F1285BB0B8000406F9 /* HotelsViewController.swift */,
			);
			path = Home;
			sourceTree = "<group>";
		};
		065F03522635ED8C00A5CDEF /* Restaurants */ = {
			isa = PBXGroup;
			children = (
				06BDB9C1263B39D500999FB8 /* RestaurantsDetail */,
				069DB36A263B14A300C91468 /* Restaurants.storyboard */,
				069DB358263B0FB800C91468 /* RestaurantTableViewController.swift */,
				069DB356263B0FB800C91468 /* ReviewViewController.swift */,
				069DB362263B105C00C91468 /* RestaurantTableViewCell.swift */,
				069DB359263B0FB800C91468 /* NewRestaurantController.swift */,
				061DC82626526E0E00C4C794 /* RestaurantDestinationDiningCell.swift */,
				061DC82A2654244700C4C794 /* RestaurantSectionHeaderView.xib */,
			);
			path = Restaurants;
			sourceTree = "<group>";
		};
		065F035A2635FCEF00A5CDEF /* Map */ = {
			isa = PBXGroup;
			children = (
				065F035B2635FD0B00A5CDEF /* Map.storyboard */,
				062038652641A37500B87708 /* MapViewController.swift */,
			);
			path = Map;
			sourceTree = "<group>";
		};
		065F0362263621AE00A5CDEF /* Model */ = {
			isa = PBXGroup;
			children = (
				065F03692636221100A5CDEF /* Hotel.swift */,
				064352A426385F8400A54BFC /* Restaurant.swift */,
				066BF3F72637460300EE834C /* Order.swift */,
				065F0366263621F200A5CDEF /* Menu.swift */,
				065F036D26362E5500A5CDEF /* HotelTestData.swift */,
				061DC83C26547BC300C4C794 /* HotelInit.swift */,
				0632D4482669A1A5001F7036 /* Guest.swift */,
				069FDBA726A09A55004F543F /* Chat.swift */,
				06F5D168270B8E1B004931F7 /* Activity.swift */,
				06AC358C271B7FAE00D249C6 /* Likes.swift */,
				069945A92729FC75009548AA /* Translations.swift */,
				06882F682749644D00D643A0 /* Offer.swift */,
				06B9776427F5809800E2ACA1 /* BarcodeData.swift */,
				061630F32802B9E8007C501F /* LogInDB.swift */,
				06293E30280AA68600226400 /* PhoneUser.swift */,
			);
			path = Model;
			sourceTree = "<group>";
		};
		066875032832FD7800DB5604 /* Users */ = {
			isa = PBXGroup;
			children = (
				066875012832FC5200DB5604 /* Users.storyboard */,
				066874F92830367600DB5604 /* UsersViewController.swift */,
				06C32ADE28287ACA00228A40 /* LoginViewController.swift */,
				06C32AE0282EC2F100228A40 /* AddUserViewController.swift */,
				066874FB28307AE800DB5604 /* ChangePasswordViewController.swift */,
				066874FD2831260600DB5604 /* EditUserViewController.swift */,
			);
			path = Users;
			sourceTree = "<group>";
		};
		066BF3FA2637552500EE834C /* Resources */ = {
			isa = PBXGroup;
			children = (
				06E5FC422739804A0082EFAC /* RoomService.png */,
				069FDBAB26AEF0A6004F543F /* roomItems.json */,
				06F772732676B39000E64D54 /* AdoptACoral */,
				06DDB8BF2658745E00A5FD84 /* DestinationDiningPictures */,
				061DC83A26546E2800C4C794 /* Extreme-Watersports-Sheraton-AP2021.pdf */,
				06DDB8C0265874BE00A5FD84 /* sheratonFacilities.json */,
			);
			path = Resources;
			sourceTree = "<group>";
		};
		0683A1DE264DC75D0000D122 /* Menu */ = {
			isa = PBXGroup;
			children = (
				0683A1EF26516FF50000D122 /* MenuPageViewController.swift */,
				0676E271264836A9002BFE80 /* MenuSectionHeaderView.xib */,
				0620386F2641E72900B87708 /* MenuViewController.swift */,
				062038712641E81B00B87708 /* Menu.storyboard */,
				0683A1ED265154250000D122 /* MenuCell.swift */,
				0683A1F1265172070000D122 /* MenuMainViewController.swift */,
			);
			path = Menu;
			sourceTree = "<group>";
		};
		0683A1DF264ED6670000D122 /* Orders */ = {
			isa = PBXGroup;
			children = (
				0632D44F266ACB22001F7036 /* Orders.storyboard */,
				0632D44A266AC3A3001F7036 /* OrdersViewController.swift */,
				0632D451266ADF66001F7036 /* OrderDetailsCell.swift */,
				061C4E0E2734AB8C00A6D5DA /* OrderSummary.storyboard */,
				069FD3CB268CBB200076C6FC /* OrderSummaryViewController.swift */,
				0683A1E0264EDB540000D122 /* RoomItemsOrderViewController.swift */,
				06606DF2270760330023412C /* ServiceOrderViewController.swift */,
				06137FC927CB388700377F1B /* BuggyOrderViewController.swift */,
			);
			path = Orders;
			sourceTree = "<group>";
		};
		0683A1E5264F33A40000D122 /* Room */ = {
			isa = PBXGroup;
			children = (
				061C4E132734ACAC00A6D5DA /* Room.storyboard */,
				066BF4022637619B00EE834C /* RoomViewController.swift */,
				0622163F2638B0B7002C0977 /* RoomItemCell.swift */,
				061DE02D2731AEEF0021A37C /* RoomItemsViewController.swift */,
			);
			path = Room;
			sourceTree = "<group>";
		};
		0683A1F52651D5EE0000D122 /* Watersports */ = {
			isa = PBXGroup;
			children = (
				0638E79C2709053700EACFC1 /* WaterSports.storyboard */,
				061DC838265469E700C4C794 /* WatersportsViewController.swift */,
			);
			path = Watersports;
			sourceTree = "<group>";
		};
		06882F63274911B600D643A0 /* Offers */ = {
			isa = PBXGroup;
			children = (
				06882F64274911D100D643A0 /* OffersViewController.swift */,
				06882F662749128100D643A0 /* OffersCell.swift */,
				06882F6A27499BBD00D643A0 /* Offers.storyboard */,
				06882F6C274C5AF900D643A0 /* offers.json */,
				06882F6E274D867300D643A0 /* OfferViewController.swift */,
				06090DD827C7AFC200B85393 /* NewOfferViewController.swift */,
				06F551E42842D2E3007AB4DB /* NewOfferGroupViewController.swift */,
			);
			path = Offers;
			sourceTree = "<group>";
		};
		069FD3C4268CB4210076C6FC /* News */ = {
			isa = PBXGroup;
			children = (
				069FD3C5268CB4350076C6FC /* News.storyboard */,
				06F7727A267E8A6D00E64D54 /* NewsViewController.swift */,
				06F7726926713DC600E64D54 /* NewsCell2.swift */,
				06F7726D2673931300E64D54 /* NewsDetailViewController.swift */,
				06F7726B2671755800E64D54 /* NewNewsPostViewController.swift */,
			);
			path = News;
			sourceTree = "<group>";
		};
		069FD3C7268CB4BC0076C6FC /* Info */ = {
			isa = PBXGroup;
			children = (
				061C4E0C2734A8BA00A6D5DA /* Info.storyboard */,
				06F7727126762E6A00E64D54 /* InfoDetailViewController.swift */,
				06A47DCD2839775F002D32B5 /* InfoViewController.swift */,
				06F551DC283D7189007AB4DB /* NewInfoViewController.swift */,
				06F551DE283D8CC2007AB4DB /* NewInfoImagesTableViewCell.swift */,
				06A8C7F3285F1F50000406F9 /* TestViewController.swift */,
			);
			path = Info;
			sourceTree = "<group>";
		};
		069FD3CD2691DB3A0076C6FC /* Onboarding */ = {
			isa = PBXGroup;
			children = (
				069FD3D0269386390076C6FC /* Onboarding.storyboard */,
				069FD3D226938A150076C6FC /* OnboardingPageViewController.swift */,
				069FD3D4269397440076C6FC /* OnboardingContentViewController.swift */,
				062D1A0826EE247500A14FDE /* ConfigViewController.swift */,
			);
			path = Onboarding;
			sourceTree = "<group>";
		};
		069FDBA0269E17A8004F543F /* Chat */ = {
			isa = PBXGroup;
			children = (
				069FDBA3269E34CE004F543F /* Chat.storyboard */,
				069FDBA926A39486004F543F /* ChatListViewController.swift */,
				069FDBA5269E384B004F543F /* ChatViewController.swift */,
				069FDBA1269E17C3004F543F /* MessageKitChatViewController.swift */,
				0601978F2819B3CE004532D5 /* AssignViewController.swift */,
			);
			path = Chat;
			sourceTree = "<group>";
		};
		06A8C7E428548B69000406F9 /* Reviews */ = {
			isa = PBXGroup;
			children = (
				06A8C7F52868DDA1000406F9 /* Reviews.storyboard */,
				06A8C7E628548BAD000406F9 /* ReviewTableViewCell.xib */,
				06A8C7EE2855475E000406F9 /* ReviewButtonTableViewCell.xib */,
				06A8C7E228528841000406F9 /* ReviewsManager.swift */,
				06A8C7E0284BFD4B000406F9 /* RateReviewViewController.swift */,
				06A8C7E528548BAD000406F9 /* ReviewTableViewCell.swift */,
				06A8C7ED2855475E000406F9 /* ReviewButtonTableViewCell.swift */,
				06A8C7F72868DE11000406F9 /* ReviewButton.swift */,
				06A8C7F9286AE7EC000406F9 /* ReviewCollectionViewCell.xib */,
				06A8C7FB286AE830000406F9 /* ReviewCollectionViewCell.swift */,
				06A8C7FD28737858000406F9 /* ReviewCollectionViewHeader.xib */,
			);
			path = Reviews;
			sourceTree = "<group>";
		};
		06B9776127F16B3B00E2ACA1 /* Main */ = {
			isa = PBXGroup;
			children = (
				069DB354263AED0E00C91468 /* Main.storyboard */,
				061DC83E26554AD900C4C794 /* SplashViewController.swift */,
				064C205127EF604C00DA7A4A /* ScannerViewController.swift */,
			);
			path = Main;
			sourceTree = "<group>";
		};
		06BDB9C1263B39D500999FB8 /* RestaurantsDetail */ = {
			isa = PBXGroup;
			children = (
				069DB357263B0FB800C91468 /* RestaurantDetailViewController.swift */,
				061DC8422656C57D00C4C794 /* DestinationDiningViewController.swift */,
			);
			path = RestaurantsDetail;
			sourceTree = "<group>";
		};
		06DDB8BF2658745E00A5FD84 /* DestinationDiningPictures */ = {
			isa = PBXGroup;
			children = (
				061DC8302654334D00C4C794 /* DestinationDiningBubblesUnderTheStars.jpg */,
				061DC82E2654334C00C4C794 /* DestinationDiningChampagneBreakfast.jpg */,
				061DC82F2654334C00C4C794 /* DestinationDiningCuratedExperiences.jpg */,
				061DC8312654334D00C4C794 /* DestinationDiningLagoonLunch.jpg */,
				061DC82C2654334C00C4C794 /* DestinationDiningPrivateEvents.jpg */,
				061DC82D2654334C00C4C794 /* DestinationDiningSandbankPicnic.jpg */,
			);
			path = DestinationDiningPictures;
			sourceTree = "<group>";
		};
		06F5D15F270B4E6A004931F7 /* Activities */ = {
			isa = PBXGroup;
			children = (
				06F5D166270B52A4004931F7 /* Activities.storyboard */,
				06F5D160270B516D004931F7 /* ActivitiesViewController.swift */,
				06F5D16A270BC7D4004931F7 /* ActivityCell.swift */,
				06F5D162270B5197004931F7 /* NewActivityViewController.swift */,
				06F551E22842A813007AB4DB /* doskas.swift */,
			);
			path = Activities;
			sourceTree = "<group>";
		};
		06F5D16C2713283A004931F7 /* Firebase */ = {
			isa = PBXGroup;
			children = (
				06AC358A271B58F100D249C6 /* Firebase.swift */,
				06293E2A2809523900226400 /* FirebaseDatabase.swift */,
				06882F612745BF8700D643A0 /* FirebaseStorage.swift */,
				067A4D842807F64B0043F50D /* FirebaseAuth.swift */,
				06293E2C28096F0A00226400 /* FirebaseMessaging.swift */,
				066874FF28325EA400DB5604 /* FirebaseFunctions.swift */,
				0632D4462668E3BD001F7036 /* FirebaseUtils.swift */,
				06AF200E27E2ED7500B9A692 /* DBProxy.swift */,
				067A4D862807FBFE0043F50D /* StorageProxy.swift */,
				067A4D822807F4C60043F50D /* AuthProxy.swift */,
				06293E2E28099BBB00226400 /* MessagingProxy.swift */,
			);
			path = Firebase;
			sourceTree = "<group>";
		};
		06F772732676B39000E64D54 /* AdoptACoral */ = {
			isa = PBXGroup;
			children = (
				06F772762676B3DD00E64D54 /* adoptacoral1.jpg */,
				06F772742676B3DC00E64D54 /* adoptacoral2.jpg */,
				06F772752676B3DD00E64D54 /* adoptacoral3.jpg */,
			);
			path = AdoptACoral;
			sourceTree = "<group>";
		};
		217DEAEB61679654AFDB4AC3 /* Pods */ = {
			isa = PBXGroup;
			children = (
				BD5E12E74C482AFD0364C5DE /* Pods-Test2.debug.xcconfig */,
				A1BA31EED1AB8CA9CE2D18BF /* Pods-Test2.release.xcconfig */,
			);
			path = Pods;
			sourceTree = "<group>";
		};
		B9936F420CF91D55D6D6ACDB /* Frameworks */ = {
			isa = PBXGroup;
			children = (
				2F204771642152F30EF7085F /* Pods_Test2.framework */,
			);
			name = Frameworks;
			sourceTree = "<group>";
		};
/* End PBXGroup section */

/* Begin PBXNativeTarget section */
		065F03252635D47F00A5CDEF /* Test2 */ = {
			isa = PBXNativeTarget;
			buildConfigurationList = 065F033D2635D48000A5CDEF /* Build configuration list for PBXNativeTarget "Test2" */;
			buildPhases = (
				1EC45B5D90A78777C6DD5556 /* [CP] Check Pods Manifest.lock */,
				065F03222635D47F00A5CDEF /* Sources */,
				065F03232635D47F00A5CDEF /* Frameworks */,
				065F03242635D47F00A5CDEF /* Resources */,
				6F4951BA1D4DA4EB3E9C1359 /* [CP] Embed Pods Frameworks */,
			);
			buildRules = (
			);
			dependencies = (
			);
			name = Test2;
			packageProductDependencies = (
			);
			productName = Bibzzy;
			productReference = 065F03262635D47F00A5CDEF /* Test2.app */;
			productType = "com.apple.product-type.application";
		};
/* End PBXNativeTarget section */

/* Begin PBXProject section */
		065F031E2635D47F00A5CDEF /* Project object */ = {
			isa = PBXProject;
			attributes = {
				LastSwiftUpdateCheck = 1240;
				LastUpgradeCheck = 1240;
				TargetAttributes = {
					065F03252635D47F00A5CDEF = {
						CreatedOnToolsVersion = 12.4;
					};
				};
			};
			buildConfigurationList = 065F03212635D47F00A5CDEF /* Build configuration list for PBXProject "Test2" */;
			compatibilityVersion = "Xcode 9.3";
			developmentRegion = en;
			hasScannedForEncodings = 0;
			knownRegions = (
				en,
				he,
				pl,
				Base,
			);
			mainGroup = 065F031D2635D47F00A5CDEF;
			packageReferences = (
			);
			productRefGroup = 065F03272635D47F00A5CDEF /* Products */;
			projectDirPath = "";
			projectRoot = "";
			targets = (
				065F03252635D47F00A5CDEF /* Test2 */,
			);
		};
/* End PBXProject section */

/* Begin PBXResourcesBuildPhase section */
		065F03242635D47F00A5CDEF /* Resources */ = {
			isa = PBXResourcesBuildPhase;
			buildActionMask = 2147483647;
			files = (
				06A8C7FE28737858000406F9 /* ReviewCollectionViewHeader.xib in Resources */,
				066875022832FC5200DB5604 /* Users.storyboard in Resources */,
				06882F6D274C5AF900D643A0 /* offers.json in Resources */,
				061C4E0D2734A8BA00A6D5DA /* Info.storyboard in Resources */,
				069FD3C6268CB4350076C6FC /* News.storyboard in Resources */,
				06A8C7F62868DDA1000406F9 /* Reviews.storyboard in Resources */,
				06882F6B27499BBD00D643A0 /* Offers.storyboard in Resources */,
				0632D450266ACB22001F7036 /* Orders.storyboard in Resources */,
				061DC82B2654244700C4C794 /* RestaurantSectionHeaderView.xib in Resources */,
				06A8C7F02855475E000406F9 /* ReviewButtonTableViewCell.xib in Resources */,
				061C4E162734AED700A6D5DA /* Home.storyboard in Resources */,
				06A8C7FA286AE7ED000406F9 /* ReviewCollectionViewCell.xib in Resources */,
				061DC8322654334D00C4C794 /* DestinationDiningPrivateEvents.jpg in Resources */,
				06A8C7E828548BAD000406F9 /* ReviewTableViewCell.xib in Resources */,
				061DC8362654334D00C4C794 /* DestinationDiningBubblesUnderTheStars.jpg in Resources */,
				065F035C2635FD0B00A5CDEF /* Map.storyboard in Resources */,
				06F5D167270B52A4004931F7 /* Activities.storyboard in Resources */,
				061C4E6E2736010200A6D5DA /* LaunchScreen.storyboard in Resources */,
				061DC8332654334D00C4C794 /* DestinationDiningSandbankPicnic.jpg in Resources */,
				069DB355263AED0E00C91468 /* Main.storyboard in Resources */,
				069FDBA4269E34CE004F543F /* Chat.storyboard in Resources */,
				061C4E1F2735E8D500A6D5DA /* Localizable.strings in Resources */,
				0632D44526683C9C001F7036 /* GoogleService-Info.plist in Resources */,
				061DC83B26546E2800C4C794 /* Extreme-Watersports-Sheraton-AP2021.pdf in Resources */,
				06F772792676B3DD00E64D54 /* adoptacoral1.jpg in Resources */,
				061DC8342654334D00C4C794 /* DestinationDiningChampagneBreakfast.jpg in Resources */,
				06DDB8C1265874BE00A5FD84 /* sheratonFacilities.json in Resources */,
				0676E272264836A9002BFE80 /* MenuSectionHeaderView.xib in Resources */,
				065F03362635D48000A5CDEF /* Assets.xcassets in Resources */,
				06F772782676B3DD00E64D54 /* adoptacoral3.jpg in Resources */,
				069FD3D1269386390076C6FC /* Onboarding.storyboard in Resources */,
				061DC8372654334D00C4C794 /* DestinationDiningLagoonLunch.jpg in Resources */,
				061C4E0F2734AB8C00A6D5DA /* OrderSummary.storyboard in Resources */,
				062038722641E81B00B87708 /* Menu.storyboard in Resources */,
				06F772772676B3DD00E64D54 /* adoptacoral2.jpg in Resources */,
				0638E79D2709053700EACFC1 /* WaterSports.storyboard in Resources */,
				06D7473F2838DF400081F32C /* MenuView.xib in Resources */,
				069DB36B263B14A300C91468 /* Restaurants.storyboard in Resources */,
				069FDBAC26AEF0A6004F543F /* roomItems.json in Resources */,
				061C4E142734ACAC00A6D5DA /* Room.storyboard in Resources */,
				061C4E222735E8E700A6D5DA /* InfoPlist.strings in Resources */,
				06E5FC432739804A0082EFAC /* RoomService.png in Resources */,
				061DC8352654334D00C4C794 /* DestinationDiningCuratedExperiences.jpg in Resources */,
			);
			runOnlyForDeploymentPostprocessing = 0;
		};
/* End PBXResourcesBuildPhase section */

/* Begin PBXShellScriptBuildPhase section */
		1EC45B5D90A78777C6DD5556 /* [CP] Check Pods Manifest.lock */ = {
			isa = PBXShellScriptBuildPhase;
			buildActionMask = 2147483647;
			files = (
			);
			inputFileListPaths = (
			);
			inputPaths = (
				"${PODS_PODFILE_DIR_PATH}/Podfile.lock",
				"${PODS_ROOT}/Manifest.lock",
			);
			name = "[CP] Check Pods Manifest.lock";
			outputFileListPaths = (
			);
			outputPaths = (
				"$(DERIVED_FILE_DIR)/Pods-Test2-checkManifestLockResult.txt",
			);
			runOnlyForDeploymentPostprocessing = 0;
			shellPath = /bin/sh;
			shellScript = "diff \"${PODS_PODFILE_DIR_PATH}/Podfile.lock\" \"${PODS_ROOT}/Manifest.lock\" > /dev/null\nif [ $? != 0 ] ; then\n    # print error to STDERR\n    echo \"error: The sandbox is not in sync with the Podfile.lock. Run 'pod install' or update your CocoaPods installation.\" >&2\n    exit 1\nfi\n# This output is used by Xcode 'outputs' to avoid re-running this script phase.\necho \"SUCCESS\" > \"${SCRIPT_OUTPUT_FILE_0}\"\n";
			showEnvVarsInLog = 0;
		};
		6F4951BA1D4DA4EB3E9C1359 /* [CP] Embed Pods Frameworks */ = {
			isa = PBXShellScriptBuildPhase;
			buildActionMask = 2147483647;
			files = (
			);
			inputFileListPaths = (
				"${PODS_ROOT}/Target Support Files/Pods-Test2/Pods-Test2-frameworks-${CONFIGURATION}-input-files.xcfilelist",
			);
			name = "[CP] Embed Pods Frameworks";
			outputFileListPaths = (
				"${PODS_ROOT}/Target Support Files/Pods-Test2/Pods-Test2-frameworks-${CONFIGURATION}-output-files.xcfilelist",
			);
			runOnlyForDeploymentPostprocessing = 0;
			shellPath = /bin/sh;
			shellScript = "\"${PODS_ROOT}/Target Support Files/Pods-Test2/Pods-Test2-frameworks.sh\"\n";
			showEnvVarsInLog = 0;
		};
/* End PBXShellScriptBuildPhase section */

/* Begin PBXSourcesBuildPhase section */
		065F03222635D47F00A5CDEF /* Sources */ = {
			isa = PBXSourcesBuildPhase;
			buildActionMask = 2147483647;
			files = (
				06F551E52842D2E3007AB4DB /* NewOfferGroupViewController.swift in Sources */,
				06C32ADF28287ACA00228A40 /* LoginViewController.swift in Sources */,
				067A4D852807F64B0043F50D /* FirebaseAuth.swift in Sources */,
				069DB35A263B0FB800C91468 /* ReviewViewController.swift in Sources */,
				0683A1F026516FF50000D122 /* MenuPageViewController.swift in Sources */,
				062D1A0926EE247500A14FDE /* ConfigViewController.swift in Sources */,
				0632D452266ADF66001F7036 /* OrderDetailsCell.swift in Sources */,
				066874FA2830367600DB5604 /* UsersViewController.swift in Sources */,
				066BF3F82637460300EE834C /* Order.swift in Sources */,
				06293E2F28099BBB00226400 /* MessagingProxy.swift in Sources */,
				061DE02E2731AEEF0021A37C /* RoomItemsViewController.swift in Sources */,
				06A8C7EF2855475E000406F9 /* ReviewButtonTableViewCell.swift in Sources */,
				069FDBAA26A39486004F543F /* ChatListViewController.swift in Sources */,
				06F551E32842A813007AB4DB /* doskas.swift in Sources */,
				06882F672749128100D643A0 /* OffersCell.swift in Sources */,
				066874FE2831260600DB5604 /* EditUserViewController.swift in Sources */,
				065F036A2636221100A5CDEF /* Hotel.swift in Sources */,
				06F7726A26713DC600E64D54 /* NewsCell2.swift in Sources */,
				06882F6F274D867300D643A0 /* OfferViewController.swift in Sources */,
				06F5D169270B8E1B004931F7 /* Activity.swift in Sources */,
				0683A1F2265172070000D122 /* MenuMainViewController.swift in Sources */,
				06F7727026760FA100E64D54 /* IBPCollectionViewCompositionalLayoutInteroperability.swift in Sources */,
				067A4D832807F4C70043F50D /* AuthProxy.swift in Sources */,
				06F551DF283D8CC2007AB4DB /* NewInfoImagesTableViewCell.swift in Sources */,
				069945AA2729FC75009548AA /* Translations.swift in Sources */,
				06A8C7F82868DE11000406F9 /* ReviewButton.swift in Sources */,
				06F5D161270B516D004931F7 /* ActivitiesViewController.swift in Sources */,
				062038662641A37500B87708 /* MapViewController.swift in Sources */,
				06F5D16B270BC7D4004931F7 /* ActivityCell.swift in Sources */,
				06090DD927C7AFC200B85393 /* NewOfferViewController.swift in Sources */,
				069DB35C263B0FB800C91468 /* RestaurantTableViewController.swift in Sources */,
				06606DF3270760330023412C /* ServiceOrderViewController.swift in Sources */,
				06C32ADD28245FF100228A40 /* MenuView.swift in Sources */,
				067A4D872807FBFE0043F50D /* StorageProxy.swift in Sources */,
				06F7726E2673931300E64D54 /* NewsDetailViewController.swift in Sources */,
				061630F42802B9E8007C501F /* LogInDB.swift in Sources */,
				06882F5E2742B89C00D643A0 /* NewHotelConfigViewController.swift in Sources */,
				06B9776527F5809800E2ACA1 /* BarcodeData.swift in Sources */,
				06F5D163270B5197004931F7 /* NewActivityViewController.swift in Sources */,
				06882F692749644D00D643A0 /* Offer.swift in Sources */,
				069DB369263B12EB00C91468 /* RoundedTextField.swift in Sources */,
				06293E2D28096F0A00226400 /* FirebaseMessaging.swift in Sources */,
				069FDBA826A09A55004F543F /* Chat.swift in Sources */,
				06A47DCE2839775F002D32B5 /* InfoViewController.swift in Sources */,
				069AA4232714F456002EE497 /* HomeCollectionViewController.swift in Sources */,
				069FD3D5269397440076C6FC /* OnboardingContentViewController.swift in Sources */,
				064352A526385F8400A54BFC /* Restaurant.swift in Sources */,
				069DB35B263B0FB800C91468 /* RestaurantDetailViewController.swift in Sources */,
				064352A326385A3900A54BFC /* extensions.swift in Sources */,
				06AC358B271B58F100D249C6 /* Firebase.swift in Sources */,
				069FDBA6269E384B004F543F /* ChatViewController.swift in Sources */,
				062038702641E72900B87708 /* MenuViewController.swift in Sources */,
				0601978E280D8065004532D5 /* Spinner.swift in Sources */,
				06F7727226762E6A00E64D54 /* InfoDetailViewController.swift in Sources */,
				069FD3CC268CBB200076C6FC /* OrderSummaryViewController.swift in Sources */,
				069DB367263B105C00C91468 /* RestaurantTableViewCell.swift in Sources */,
				06A8C7FC286AE830000406F9 /* ReviewCollectionViewCell.swift in Sources */,
				06AF200F27E2ED7600B9A692 /* DBProxy.swift in Sources */,
				064C205227EF604C00DA7A4A /* ScannerViewController.swift in Sources */,
				061DC83D26547BC300C4C794 /* HotelInit.swift in Sources */,
				06F7726C2671755800E64D54 /* NewNewsPostViewController.swift in Sources */,
				06A8C7E728548BAD000406F9 /* ReviewTableViewCell.swift in Sources */,
				06AC358D271B7FAE00D249C6 /* Likes.swift in Sources */,
				069FDBA2269E17C3004F543F /* MessageKitChatViewController.swift in Sources */,
				065F032A2635D47F00A5CDEF /* AppDelegate.swift in Sources */,
				06A8C7F2285BB0B8000406F9 /* HotelsViewController.swift in Sources */,
				065F032C2635D47F00A5CDEF /* SceneDelegate.swift in Sources */,
				0683A1E1264EDB540000D122 /* RoomItemsOrderViewController.swift in Sources */,
				06882F622745BF8700D643A0 /* FirebaseStorage.swift in Sources */,
				069FD3D326938A150076C6FC /* OnboardingPageViewController.swift in Sources */,
				06293E2B2809523900226400 /* FirebaseDatabase.swift in Sources */,
				066BF4032637619B00EE834C /* RoomViewController.swift in Sources */,
				0632D4472668E3BD001F7036 /* FirebaseUtils.swift in Sources */,
				061DC83F26554AD900C4C794 /* SplashViewController.swift in Sources */,
				065F036E26362E5500A5CDEF /* HotelTestData.swift in Sources */,
				0632D4492669A1A5001F7036 /* Guest.swift in Sources */,
				061DC8432656C57D00C4C794 /* DestinationDiningViewController.swift in Sources */,
				06882F65274911D100D643A0 /* OffersViewController.swift in Sources */,
				066874FC28307AE800DB5604 /* ChangePasswordViewController.swift in Sources */,
				06F551DD283D7189007AB4DB /* NewInfoViewController.swift in Sources */,
				06137FCA27CB388700377F1B /* BuggyOrderViewController.swift in Sources */,
				0668750028325EA400DB5604 /* FirebaseFunctions.swift in Sources */,
				061DC839265469E700C4C794 /* WatersportsViewController.swift in Sources */,
				061DC82726526E0E00C4C794 /* RestaurantDestinationDiningCell.swift in Sources */,
				06A8C7F4285F1F50000406F9 /* TestViewController.swift in Sources */,
				0632D44B266AC3A3001F7036 /* OrdersViewController.swift in Sources */,
				065F0367263621F200A5CDEF /* Menu.swift in Sources */,
				06C32AE1282EC2F100228A40 /* AddUserViewController.swift in Sources */,
				06882F6027447DE800D643A0 /* NetworkStatus.swift in Sources */,
				06A8C7E1284BFD4B000406F9 /* RateReviewViewController.swift in Sources */,
				0683A1EE265154250000D122 /* MenuCell.swift in Sources */,
				069FD3D7269650630076C6FC /* UIViewExtensions.swift in Sources */,
				062216402638B0B7002C0977 /* RoomItemCell.swift in Sources */,
				06A8C7E328528841000406F9 /* ReviewsManager.swift in Sources */,
				06F7727B267E8A6D00E64D54 /* NewsViewController.swift in Sources */,
				060197902819B3CE004532D5 /* AssignViewController.swift in Sources */,
				069DB35D263B0FB800C91468 /* NewRestaurantController.swift in Sources */,
				06293E31280AA68600226400 /* PhoneUser.swift in Sources */,
			);
			runOnlyForDeploymentPostprocessing = 0;
		};
/* End PBXSourcesBuildPhase section */

/* Begin PBXVariantGroup section */
		061C4E1D2735E8D500A6D5DA /* Localizable.strings */ = {
			isa = PBXVariantGroup;
			children = (
				061C4E1E2735E8D500A6D5DA /* he */,
				061C4E232735E8E700A6D5DA /* pl */,
			);
			name = Localizable.strings;
			sourceTree = "<group>";
		};
		061C4E202735E8E700A6D5DA /* InfoPlist.strings */ = {
			isa = PBXVariantGroup;
			children = (
				061C4E212735E8E700A6D5DA /* pl */,
			);
			name = InfoPlist.strings;
			sourceTree = "<group>";
		};
		061C4E702736010200A6D5DA /* LaunchScreen.storyboard */ = {
			isa = PBXVariantGroup;
			children = (
				061C4E6F2736010200A6D5DA /* Base */,
			);
			name = LaunchScreen.storyboard;
			sourceTree = "<group>";
		};
/* End PBXVariantGroup section */

/* Begin XCBuildConfiguration section */
		065F033B2635D48000A5CDEF /* Debug */ = {
			isa = XCBuildConfiguration;
			buildSettings = {
				ALWAYS_SEARCH_USER_PATHS = NO;
				CLANG_ANALYZER_LOCALIZABILITY_NONLOCALIZED = YES;
				CLANG_ANALYZER_NONNULL = YES;
				CLANG_ANALYZER_NUMBER_OBJECT_CONVERSION = YES_AGGRESSIVE;
				CLANG_CXX_LANGUAGE_STANDARD = "gnu++14";
				CLANG_CXX_LIBRARY = "libc++";
				CLANG_ENABLE_MODULES = YES;
				CLANG_ENABLE_OBJC_ARC = YES;
				CLANG_ENABLE_OBJC_WEAK = YES;
				CLANG_WARN_BLOCK_CAPTURE_AUTORELEASING = YES;
				CLANG_WARN_BOOL_CONVERSION = YES;
				CLANG_WARN_COMMA = YES;
				CLANG_WARN_CONSTANT_CONVERSION = YES;
				CLANG_WARN_DEPRECATED_OBJC_IMPLEMENTATIONS = YES;
				CLANG_WARN_DIRECT_OBJC_ISA_USAGE = YES_ERROR;
				CLANG_WARN_DOCUMENTATION_COMMENTS = YES;
				CLANG_WARN_EMPTY_BODY = YES;
				CLANG_WARN_ENUM_CONVERSION = YES;
				CLANG_WARN_INFINITE_RECURSION = YES;
				CLANG_WARN_INT_CONVERSION = YES;
				CLANG_WARN_NON_LITERAL_NULL_CONVERSION = YES;
				CLANG_WARN_OBJC_IMPLICIT_RETAIN_SELF = YES;
				CLANG_WARN_OBJC_LITERAL_CONVERSION = YES;
				CLANG_WARN_OBJC_ROOT_CLASS = YES_ERROR;
				CLANG_WARN_QUOTED_INCLUDE_IN_FRAMEWORK_HEADER = YES;
				CLANG_WARN_RANGE_LOOP_ANALYSIS = YES;
				CLANG_WARN_STRICT_PROTOTYPES = YES;
				CLANG_WARN_SUSPICIOUS_MOVE = YES;
				CLANG_WARN_UNGUARDED_AVAILABILITY = YES_AGGRESSIVE;
				CLANG_WARN_UNREACHABLE_CODE = YES;
				CLANG_WARN__DUPLICATE_METHOD_MATCH = YES;
				CODE_SIGN_STYLE = Automatic;
				COPY_PHASE_STRIP = NO;
				DEBUG_INFORMATION_FORMAT = dwarf;
				ENABLE_STRICT_OBJC_MSGSEND = YES;
				ENABLE_TESTABILITY = YES;
				GCC_C_LANGUAGE_STANDARD = gnu11;
				GCC_DYNAMIC_NO_PIC = NO;
				GCC_NO_COMMON_BLOCKS = YES;
				GCC_OPTIMIZATION_LEVEL = 0;
				GCC_PREPROCESSOR_DEFINITIONS = (
					"DEBUG=1",
					"$(inherited)",
				);
				GCC_WARN_64_TO_32_BIT_CONVERSION = YES;
				GCC_WARN_ABOUT_RETURN_TYPE = YES_ERROR;
				GCC_WARN_UNDECLARED_SELECTOR = YES;
				GCC_WARN_UNINITIALIZED_AUTOS = YES_AGGRESSIVE;
				GCC_WARN_UNUSED_FUNCTION = YES;
				GCC_WARN_UNUSED_VARIABLE = YES;
				IPHONEOS_DEPLOYMENT_TARGET = 12.3;
				MTL_ENABLE_DEBUG_INFO = INCLUDE_SOURCE;
				MTL_FAST_MATH = YES;
				ONLY_ACTIVE_ARCH = YES;
				OTHER_SWIFT_FLAGS = "-Xfrontend -warn-long-expression-type-checking=100 -Xfrontend -warn-long-expression-type-checking=100 -Xfrontend -warn-long-expression-type-checking=100 -Xfrontend -warn-long-function-bodies=200";
				SDKROOT = iphoneos;
				SWIFT_ACTIVE_COMPILATION_CONDITIONS = "___DEBUG";
				SWIFT_OPTIMIZATION_LEVEL = "-Onone";
			};
			name = Debug;
		};
		065F033C2635D48000A5CDEF /* Release */ = {
			isa = XCBuildConfiguration;
			buildSettings = {
				ALWAYS_SEARCH_USER_PATHS = NO;
				CLANG_ANALYZER_LOCALIZABILITY_NONLOCALIZED = YES;
				CLANG_ANALYZER_NONNULL = YES;
				CLANG_ANALYZER_NUMBER_OBJECT_CONVERSION = YES_AGGRESSIVE;
				CLANG_CXX_LANGUAGE_STANDARD = "gnu++14";
				CLANG_CXX_LIBRARY = "libc++";
				CLANG_ENABLE_MODULES = YES;
				CLANG_ENABLE_OBJC_ARC = YES;
				CLANG_ENABLE_OBJC_WEAK = YES;
				CLANG_WARN_BLOCK_CAPTURE_AUTORELEASING = YES;
				CLANG_WARN_BOOL_CONVERSION = YES;
				CLANG_WARN_COMMA = YES;
				CLANG_WARN_CONSTANT_CONVERSION = YES;
				CLANG_WARN_DEPRECATED_OBJC_IMPLEMENTATIONS = YES;
				CLANG_WARN_DIRECT_OBJC_ISA_USAGE = YES_ERROR;
				CLANG_WARN_DOCUMENTATION_COMMENTS = YES;
				CLANG_WARN_EMPTY_BODY = YES;
				CLANG_WARN_ENUM_CONVERSION = YES;
				CLANG_WARN_INFINITE_RECURSION = YES;
				CLANG_WARN_INT_CONVERSION = YES;
				CLANG_WARN_NON_LITERAL_NULL_CONVERSION = YES;
				CLANG_WARN_OBJC_IMPLICIT_RETAIN_SELF = YES;
				CLANG_WARN_OBJC_LITERAL_CONVERSION = YES;
				CLANG_WARN_OBJC_ROOT_CLASS = YES_ERROR;
				CLANG_WARN_QUOTED_INCLUDE_IN_FRAMEWORK_HEADER = YES;
				CLANG_WARN_RANGE_LOOP_ANALYSIS = YES;
				CLANG_WARN_STRICT_PROTOTYPES = YES;
				CLANG_WARN_SUSPICIOUS_MOVE = YES;
				CLANG_WARN_UNGUARDED_AVAILABILITY = YES_AGGRESSIVE;
				CLANG_WARN_UNREACHABLE_CODE = YES;
				CLANG_WARN__DUPLICATE_METHOD_MATCH = YES;
				CODE_SIGN_STYLE = Automatic;
				COPY_PHASE_STRIP = NO;
				DEBUG_INFORMATION_FORMAT = "dwarf-with-dsym";
				ENABLE_NS_ASSERTIONS = NO;
				ENABLE_STRICT_OBJC_MSGSEND = YES;
				GCC_C_LANGUAGE_STANDARD = gnu11;
				GCC_NO_COMMON_BLOCKS = YES;
				GCC_WARN_64_TO_32_BIT_CONVERSION = YES;
				GCC_WARN_ABOUT_RETURN_TYPE = YES_ERROR;
				GCC_WARN_UNDECLARED_SELECTOR = YES;
				GCC_WARN_UNINITIALIZED_AUTOS = YES_AGGRESSIVE;
				GCC_WARN_UNUSED_FUNCTION = YES;
				GCC_WARN_UNUSED_VARIABLE = YES;
				IPHONEOS_DEPLOYMENT_TARGET = 12.3;
				MTL_ENABLE_DEBUG_INFO = NO;
				MTL_FAST_MATH = YES;
				OTHER_SWIFT_FLAGS = "-Xfrontend -warn-long-expression-type-checking=100 -Xfrontend -warn-long-expression-type-checking=100 -Xfrontend -warn-long-expression-type-checking=100 -Xfrontend -warn-long-function-bodies=200";
				SDKROOT = iphoneos;
				SWIFT_COMPILATION_MODE = wholemodule;
				SWIFT_OPTIMIZATION_LEVEL = "-O";
				VALIDATE_PRODUCT = YES;
			};
			name = Release;
		};
		065F033E2635D48000A5CDEF /* Debug */ = {
			isa = XCBuildConfiguration;
			baseConfigurationReference = BD5E12E74C482AFD0364C5DE /* Pods-Test2.debug.xcconfig */;
			buildSettings = {
				ASSETCATALOG_COMPILER_APPICON_NAME = AppIcon;
				ASSETCATALOG_COMPILER_GLOBAL_ACCENT_COLOR_NAME = AccentColor;
				CODE_SIGN_ENTITLEMENTS = Test2/Test2.entitlements;
				CODE_SIGN_IDENTITY = "Apple Development";
				CODE_SIGN_STYLE = Automatic;
				CURRENT_PROJECT_VERSION = 13;
				DEVELOPMENT_TEAM = DGUB2392P2;
				ENABLE_BITCODE = NO;
				INFOPLIST_FILE = Test2/Info.plist;
				IPHONEOS_DEPLOYMENT_TARGET = 12.3;
				LD_RUNPATH_SEARCH_PATHS = (
					"$(inherited)",
					"@executable_path/Frameworks",
				);
				MARKETING_VERSION = 1.0;
				PRODUCT_BUNDLE_IDENTIFIER = com.bienstay.Test2;
				PRODUCT_NAME = "$(TARGET_NAME)";
				PROVISIONING_PROFILE_SPECIFIER = "";
				SWIFT_VERSION = 5.0;
				TARGETED_DEVICE_FAMILY = "1,2";
			};
			name = Debug;
		};
		065F033F2635D48000A5CDEF /* Release */ = {
			isa = XCBuildConfiguration;
			baseConfigurationReference = A1BA31EED1AB8CA9CE2D18BF /* Pods-Test2.release.xcconfig */;
			buildSettings = {
				ASSETCATALOG_COMPILER_APPICON_NAME = AppIcon;
				ASSETCATALOG_COMPILER_GLOBAL_ACCENT_COLOR_NAME = AccentColor;
				CODE_SIGN_ENTITLEMENTS = Test2/Test2.entitlements;
				CODE_SIGN_IDENTITY = "Apple Development";
				CODE_SIGN_STYLE = Automatic;
				CURRENT_PROJECT_VERSION = 13;
				DEVELOPMENT_TEAM = DGUB2392P2;
				ENABLE_BITCODE = NO;
				INFOPLIST_FILE = Test2/Info.plist;
				IPHONEOS_DEPLOYMENT_TARGET = 12.3;
				LD_RUNPATH_SEARCH_PATHS = (
					"$(inherited)",
					"@executable_path/Frameworks",
				);
				MARKETING_VERSION = 1.0;
				PRODUCT_BUNDLE_IDENTIFIER = com.bienstay.Test2;
				PRODUCT_NAME = "$(TARGET_NAME)";
				PROVISIONING_PROFILE_SPECIFIER = "";
				SWIFT_VERSION = 5.0;
				TARGETED_DEVICE_FAMILY = "1,2";
			};
			name = Release;
		};
/* End XCBuildConfiguration section */

/* Begin XCConfigurationList section */
		065F03212635D47F00A5CDEF /* Build configuration list for PBXProject "Test2" */ = {
			isa = XCConfigurationList;
			buildConfigurations = (
				065F033B2635D48000A5CDEF /* Debug */,
				065F033C2635D48000A5CDEF /* Release */,
			);
			defaultConfigurationIsVisible = 0;
			defaultConfigurationName = Release;
		};
		065F033D2635D48000A5CDEF /* Build configuration list for PBXNativeTarget "Test2" */ = {
			isa = XCConfigurationList;
			buildConfigurations = (
				065F033E2635D48000A5CDEF /* Debug */,
				065F033F2635D48000A5CDEF /* Release */,
			);
			defaultConfigurationIsVisible = 0;
			defaultConfigurationName = Release;
		};
/* End XCConfigurationList section */
	};
	rootObject = 065F031E2635D47F00A5CDEF /* Project object */;
}
